// !$*UTF8*$!
{
	archiveVersion = 1;
	classes = {
	};
	objectVersion = 46;
	objects = {

/* Begin PBXBuildFile section */
		3706DE7A1BD61B40007C0072 /* SlideMotion+Calculation.m in Sources */ = {isa = PBXBuildFile; fileRef = 3706DE761BD61B40007C0072 /* SlideMotion+Calculation.m */; };
		3706DE7B1BD61B40007C0072 /* SlideMotion.m in Sources */ = {isa = PBXBuildFile; fileRef = 3706DE771BD61B40007C0072 /* SlideMotion.m */; };
		3706DE7E1BD62E16007C0072 /* WTRWeiboTimeLinePresenter.m in Sources */ = {isa = PBXBuildFile; fileRef = 3706DE7D1BD62E16007C0072 /* WTRWeiboTimeLinePresenter.m */; };
		37193BB21BD3E0C900D2733B /* Localizable.strings in Resources */ = {isa = PBXBuildFile; fileRef = 37193BB01BD3E0C900D2733B /* Localizable.strings */; };
		37223AEA1BC8B9D20090AF3C /* WTRPageMessenger.m in Sources */ = {isa = PBXBuildFile; fileRef = 37223AE91BC8B9D20090AF3C /* WTRPageMessenger.m */; };
		37223AEE1BC8BEE80090AF3C /* WTRConfig.m in Sources */ = {isa = PBXBuildFile; fileRef = 37223AED1BC8BEE80090AF3C /* WTRConfig.m */; };
		37223AF21BC8C2C70090AF3C /* WTRBasePresenter.m in Sources */ = {isa = PBXBuildFile; fileRef = 37223AF11BC8C2C70090AF3C /* WTRBasePresenter.m */; };
		37223AF61BC8CA050090AF3C /* WTRBaseViewController.m in Sources */ = {isa = PBXBuildFile; fileRef = 37223AF51BC8CA050090AF3C /* WTRBaseViewController.m */; };
		374ADFDD1BC7A5E20055AEB5 /* WTRDeckViewController.m in Sources */ = {isa = PBXBuildFile; fileRef = 374ADFDC1BC7A5E20055AEB5 /* WTRDeckViewController.m */; };
		375BD2FA1BCCB99000A3EF90 /* Images.xcassets in Resources */ = {isa = PBXBuildFile; fileRef = 375BD2F91BCCB99000A3EF90 /* Images.xcassets */; };
		375BD3011BCCC28E00A3EF90 /* WTRInitializationPresenter.m in Sources */ = {isa = PBXBuildFile; fileRef = 375BD3001BCCC28E00A3EF90 /* WTRInitializationPresenter.m */; };
		375BD3091BCCC3D300A3EF90 /* WTRDataSyncInteractor.m in Sources */ = {isa = PBXBuildFile; fileRef = 375BD3081BCCC3D300A3EF90 /* WTRDataSyncInteractor.m */; };
		37657CE71B4565CE00E37CF8 /* WTRWireframe.m in Sources */ = {isa = PBXBuildFile; fileRef = 37657CE41B4565CE00E37CF8 /* WTRWireframe.m */; };
		37657CE81B4565CE00E37CF8 /* WTRAssemblingFactory.m in Sources */ = {isa = PBXBuildFile; fileRef = 37657CE61B4565CE00E37CF8 /* WTRAssemblingFactory.m */; };
		37657CF11B45660500E37CF8 /* WTRTimeLineViewController.m in Sources */ = {isa = PBXBuildFile; fileRef = 37657CE91B45660500E37CF8 /* WTRTimeLineViewController.m */; };
		37657CF31B45660500E37CF8 /* WTRTimelineCell.m in Sources */ = {isa = PBXBuildFile; fileRef = 37657CED1B45660500E37CF8 /* WTRTimelineCell.m */; };
		37657CF41B45660500E37CF8 /* WTRMyView.m in Sources */ = {isa = PBXBuildFile; fileRef = 37657CEE1B45660500E37CF8 /* WTRMyView.m */; };
		377CE1101B45417300C28A90 /* main.m in Sources */ = {isa = PBXBuildFile; fileRef = 377CE10F1B45417300C28A90 /* main.m */; };
		377CE1131B45417300C28A90 /* AppDelegate.m in Sources */ = {isa = PBXBuildFile; fileRef = 377CE1121B45417300C28A90 /* AppDelegate.m */; };
		377CE1191B45417300C28A90 /* Main.storyboard in Resources */ = {isa = PBXBuildFile; fileRef = 377CE1171B45417300C28A90 /* Main.storyboard */; };
		377CE12A1B45417300C28A90 /* WeiTwiTests.m in Sources */ = {isa = PBXBuildFile; fileRef = 377CE1291B45417300C28A90 /* WeiTwiTests.m */; };
		378478A91BD68A96009A2F6B /* WTRSwipeHorizontalInteractiveTransition.m in Sources */ = {isa = PBXBuildFile; fileRef = 378478A81BD68A96009A2F6B /* WTRSwipeHorizontalInteractiveTransition.m */; };
		379101A31BD4B0DE00AC8E1C /* WTRDeckPresenter.m in Sources */ = {isa = PBXBuildFile; fileRef = 379101A21BD4B0DE00AC8E1C /* WTRDeckPresenter.m */; };
		379101AB1BD4DCFC00AC8E1C /* WTRDecListTableViewCell.m in Sources */ = {isa = PBXBuildFile; fileRef = 379101A91BD4DCFC00AC8E1C /* WTRDecListTableViewCell.m */; };
		379101AC1BD4DCFC00AC8E1C /* WTRDecListTableViewCell.xib in Resources */ = {isa = PBXBuildFile; fileRef = 379101AA1BD4DCFC00AC8E1C /* WTRDecListTableViewCell.xib */; };
		37A0BFC51BDF345900BBCF4D /* WTRTwitterManagerInteractor.m in Sources */ = {isa = PBXBuildFile; fileRef = 37A0BFC41BDF345900BBCF4D /* WTRTwitterManagerInteractor.m */; };
		37A0BFC81BDF350600BBCF4D /* WTRTwitterTimelinePresenter.m in Sources */ = {isa = PBXBuildFile; fileRef = 37A0BFC71BDF350600BBCF4D /* WTRTwitterTimelinePresenter.m */; };
		37A7ACB41BCCB21E00243B25 /* WTRSplashScreenViewController.m in Sources */ = {isa = PBXBuildFile; fileRef = 37A7ACB31BCCB21E00243B25 /* WTRSplashScreenViewController.m */; };
		37A7ACBA1BCCB5CB00243B25 /* Generic.storyboard in Resources */ = {isa = PBXBuildFile; fileRef = 37A7ACB81BCCB5CB00243B25 /* Generic.storyboard */; };
		37AA3FE91BCB7F1A00F1133D /* NSBundle+WeiTwi.m in Sources */ = {isa = PBXBuildFile; fileRef = 37AA3FE81BCB7F1A00F1133D /* NSBundle+WeiTwi.m */; };
		37AA3FEC1BCB7F9900F1133D /* UINib+WeiTwi.m in Sources */ = {isa = PBXBuildFile; fileRef = 37AA3FEB1BCB7F9900F1133D /* UINib+WeiTwi.m */; };
		37B5AFAF1BE475E000E6F97A /* WTRWeiboGeoInfo.m in Sources */ = {isa = PBXBuildFile; fileRef = 37B5AFAE1BE475E000E6F97A /* WTRWeiboGeoInfo.m */; };
		37B5AFB31BE4BD9A00E6F97A /* WTRAuthorizedUser+DataManager.m in Sources */ = {isa = PBXBuildFile; fileRef = 37B5AFB21BE4BD9A00E6F97A /* WTRAuthorizedUser+DataManager.m */; };
		37B5AFB71BE4E8B500E6F97A /* WTRWeiboUser+Utility.m in Sources */ = {isa = PBXBuildFile; fileRef = 37B5AFB61BE4E8B500E6F97A /* WTRWeiboUser+Utility.m */; };
		37B5AFBA1BE4E9C400E6F97A /* WTRAuthorizedUser+Utility.m in Sources */ = {isa = PBXBuildFile; fileRef = 37B5AFB91BE4E9C400E6F97A /* WTRAuthorizedUser+Utility.m */; };
		37B5AFBD1BE502CA00E6F97A /* WTRWeiboStatus+Utility.m in Sources */ = {isa = PBXBuildFile; fileRef = 37B5AFBC1BE502CA00E6F97A /* WTRWeiboStatus+Utility.m */; };
		37BCAEE01BC6756700CB2D14 /* UIStoryboard+WeiTwi.m in Sources */ = {isa = PBXBuildFile; fileRef = 37BCAEDF1BC6756700CB2D14 /* UIStoryboard+WeiTwi.m */; };
		37C935E51B48D4F700160224 /* WTRApiRequest.m in Sources */ = {isa = PBXBuildFile; fileRef = 37C935DC1B48D4F700160224 /* WTRApiRequest.m */; };
		37C935E61B48D4F700160224 /* WTRApiRequest+BuildFactory.m in Sources */ = {isa = PBXBuildFile; fileRef = 37C935DE1B48D4F700160224 /* WTRApiRequest+BuildFactory.m */; };
		37C935E71B48D4F700160224 /* WTRApiResponse.m in Sources */ = {isa = PBXBuildFile; fileRef = 37C935E01B48D4F700160224 /* WTRApiResponse.m */; };
		37C935E81B48D4F700160224 /* WTRApiService.m in Sources */ = {isa = PBXBuildFile; fileRef = 37C935E21B48D4F700160224 /* WTRApiService.m */; };
		37C935E91B48D4F700160224 /* WTRUserInfo+ResponseParser.m in Sources */ = {isa = PBXBuildFile; fileRef = 37C935E41B48D4F700160224 /* WTRUserInfo+ResponseParser.m */; };
		37C935EF1B48DBB700160224 /* NSString+WTRUtility.m in Sources */ = {isa = PBXBuildFile; fileRef = 37C935EB1B48DBB700160224 /* NSString+WTRUtility.m */; };
		37C935F01B48DBB700160224 /* NSDictionary+WTRUtility.m in Sources */ = {isa = PBXBuildFile; fileRef = 37C935EE1B48DBB700160224 /* NSDictionary+WTRUtility.m */; };
		37C935F41B48E00300160224 /* WTRWeiboUserInfo.m in Sources */ = {isa = PBXBuildFile; fileRef = 37C935F31B48E00300160224 /* WTRWeiboUserInfo.m */; };
		37C935FA1B4918A700160224 /* WTRWeiboStatusInfo.m in Sources */ = {isa = PBXBuildFile; fileRef = 37C935F91B4918A700160224 /* WTRWeiboStatusInfo.m */; };
		37C935FD1B491D7500160224 /* WTRWeiboStatuses+ResponseParser.m in Sources */ = {isa = PBXBuildFile; fileRef = 37C935FC1B491D7500160224 /* WTRWeiboStatuses+ResponseParser.m */; };
		37CBF5E91BD0B20800E01554 /* WTRModalViewTransition.m in Sources */ = {isa = PBXBuildFile; fileRef = 37CBF5E81BD0B20800E01554 /* WTRModalViewTransition.m */; };
		37CBF5EC1BD0B21800E01554 /* WTRTransitionDelegate.m in Sources */ = {isa = PBXBuildFile; fileRef = 37CBF5EB1BD0B21800E01554 /* WTRTransitionDelegate.m */; };
		37CBF5EF1BD0FC0300E01554 /* WTRMessageViewController.m in Sources */ = {isa = PBXBuildFile; fileRef = 37CBF5EE1BD0FC0300E01554 /* WTRMessageViewController.m */; };
		37CBF5F21BD0FC1900E01554 /* WTRExploreViewController.m in Sources */ = {isa = PBXBuildFile; fileRef = 37CBF5F11BD0FC1900E01554 /* WTRExploreViewController.m */; };
		37CBF5F51BD0FC4100E01554 /* WTRSettingViewController.m in Sources */ = {isa = PBXBuildFile; fileRef = 37CBF5F41BD0FC4100E01554 /* WTRSettingViewController.m */; };
		37CE41E31BE0A5260040F880 /* WTRWeiboSDKDelegate.m in Sources */ = {isa = PBXBuildFile; fileRef = 37CE41E21BE0A5260040F880 /* WTRWeiboSDKDelegate.m */; };
		37CE41E61BE0A5570040F880 /* WTRWeiboManagerInteractor.m in Sources */ = {isa = PBXBuildFile; fileRef = 37CE41E41BE0A5570040F880 /* WTRWeiboManagerInteractor.m */; };
		37F514761BD8B4E700D151AF /* MMDrawerBarButtonItem.m in Sources */ = {isa = PBXBuildFile; fileRef = 37F5146E1BD8B4E700D151AF /* MMDrawerBarButtonItem.m */; };
		37F514771BD8B4E700D151AF /* MMDrawerController.m in Sources */ = {isa = PBXBuildFile; fileRef = 37F514701BD8B4E700D151AF /* MMDrawerController.m */; };
		37F514781BD8B4E700D151AF /* MMDrawerVisualState.m in Sources */ = {isa = PBXBuildFile; fileRef = 37F514731BD8B4E700D151AF /* MMDrawerVisualState.m */; };
		37F514791BD8B4E700D151AF /* UIViewController+MMDrawerController.m in Sources */ = {isa = PBXBuildFile; fileRef = 37F514751BD8B4E700D151AF /* UIViewController+MMDrawerController.m */; };
		37F6527E1BCF794E00109CDF /* NSUserDefaults+CFUtility.m in Sources */ = {isa = PBXBuildFile; fileRef = 37F6527C1BCF794E00109CDF /* NSUserDefaults+CFUtility.m */; };
		37F652811BCFABFF00109CDF /* WTRNavigationPresenter.m in Sources */ = {isa = PBXBuildFile; fileRef = 37F652801BCFABFF00109CDF /* WTRNavigationPresenter.m */; };
		37F6D0CC1BE32CA800E1E611 /* WTRAuthorizedUserInfo.m in Sources */ = {isa = PBXBuildFile; fileRef = 37F6D0CB1BE32CA800E1E611 /* WTRAuthorizedUserInfo.m */; };
		37F6D0CF1BE33C6E00E1E611 /* WeiTwi.xcdatamodeld in Sources */ = {isa = PBXBuildFile; fileRef = 37F6D0CD1BE33C6E00E1E611 /* WeiTwi.xcdatamodeld */; };
		37F6D0D31BE33FEC00E1E611 /* WTRAuthorizedUser.m in Sources */ = {isa = PBXBuildFile; fileRef = 37F6D0D21BE33FEC00E1E611 /* WTRAuthorizedUser.m */; };
		37F6D0D61BE3412300E1E611 /* WTRWeiboUser.m in Sources */ = {isa = PBXBuildFile; fileRef = 37F6D0D51BE3412300E1E611 /* WTRWeiboUser.m */; };
		37F6D0D91BE35C5800E1E611 /* WTRWeiboStatus.m in Sources */ = {isa = PBXBuildFile; fileRef = 37F6D0D81BE35C5800E1E611 /* WTRWeiboStatus.m */; };
		37F6D0DC1BE361F700E1E611 /* WTRWeiboGeo.m in Sources */ = {isa = PBXBuildFile; fileRef = 37F6D0DB1BE361F700E1E611 /* WTRWeiboGeo.m */; };
		37F6D0DF1BE3643800E1E611 /* WTRWeiboComment.m in Sources */ = {isa = PBXBuildFile; fileRef = 37F6D0DE1BE3643800E1E611 /* WTRWeiboComment.m */; };
		37F6D0E21BE365CF00E1E611 /* WTRWeiboPrivacy.m in Sources */ = {isa = PBXBuildFile; fileRef = 37F6D0E11BE365CF00E1E611 /* WTRWeiboPrivacy.m */; };
		37F6D0E51BE365ED00E1E611 /* WTRWeiboRemind.m in Sources */ = {isa = PBXBuildFile; fileRef = 37F6D0E41BE365ED00E1E611 /* WTRWeiboRemind.m */; };
		37F6D0E81BE3660400E1E611 /* WTRWeiboUrlShort.m in Sources */ = {isa = PBXBuildFile; fileRef = 37F6D0E71BE3660400E1E611 /* WTRWeiboUrlShort.m */; };
		37FBE0EB1B46310D00813B36 /* WTRTimelineCell.xib in Resources */ = {isa = PBXBuildFile; fileRef = 37FBE0EA1B46310D00813B36 /* WTRTimelineCell.xib */; };
		8FE3677386C0CDD881EBD69D /* libPods-WeiTwi.a in Frameworks */ = {isa = PBXBuildFile; fileRef = 55D331FFA3FE042AD41B3CEA /* libPods-WeiTwi.a */; };
/* End PBXBuildFile section */

/* Begin PBXContainerItemProxy section */
		377CE1241B45417300C28A90 /* PBXContainerItemProxy */ = {
			isa = PBXContainerItemProxy;
			containerPortal = 377CE1021B45417300C28A90 /* Project object */;
			proxyType = 1;
			remoteGlobalIDString = 377CE1091B45417300C28A90;
			remoteInfo = WeiTwi;
		};
/* End PBXContainerItemProxy section */

/* Begin PBXFileReference section */
		3706DE761BD61B40007C0072 /* SlideMotion+Calculation.m */ = {isa = PBXFileReference; fileEncoding = 4; lastKnownFileType = sourcecode.c.objc; name = "SlideMotion+Calculation.m"; path = "Views/SlideMotion+Calculation.m"; sourceTree = "<group>"; };
		3706DE771BD61B40007C0072 /* SlideMotion.m */ = {isa = PBXFileReference; fileEncoding = 4; lastKnownFileType = sourcecode.c.objc; name = SlideMotion.m; path = Views/SlideMotion.m; sourceTree = "<group>"; };
		3706DE781BD61B40007C0072 /* SlideMotion.h */ = {isa = PBXFileReference; fileEncoding = 4; lastKnownFileType = sourcecode.c.h; name = SlideMotion.h; path = Views/SlideMotion.h; sourceTree = "<group>"; };
		3706DE791BD61B40007C0072 /* SlideMotion+Calculation.h */ = {isa = PBXFileReference; fileEncoding = 4; lastKnownFileType = sourcecode.c.h; name = "SlideMotion+Calculation.h"; path = "Views/SlideMotion+Calculation.h"; sourceTree = "<group>"; };
		3706DE7C1BD62E16007C0072 /* WTRWeiboTimeLinePresenter.h */ = {isa = PBXFileReference; fileEncoding = 4; lastKnownFileType = sourcecode.c.h; name = WTRWeiboTimeLinePresenter.h; path = Presenters/WTRWeiboTimeLinePresenter.h; sourceTree = "<group>"; };
		3706DE7D1BD62E16007C0072 /* WTRWeiboTimeLinePresenter.m */ = {isa = PBXFileReference; fileEncoding = 4; lastKnownFileType = sourcecode.c.objc; name = WTRWeiboTimeLinePresenter.m; path = Presenters/WTRWeiboTimeLinePresenter.m; sourceTree = "<group>"; };
		37193BAE1BD3DFB600D2733B /* zh-Hans */ = {isa = PBXFileReference; lastKnownFileType = text.plist.strings; name = "zh-Hans"; path = "zh-Hans.lproj/Main.strings"; sourceTree = "<group>"; };
		37193BAF1BD3DFB600D2733B /* zh-Hans */ = {isa = PBXFileReference; lastKnownFileType = text.plist.strings; name = "zh-Hans"; path = "zh-Hans.lproj/Generic.strings"; sourceTree = "<group>"; };
		37223AE81BC8B9D20090AF3C /* WTRPageMessenger.h */ = {isa = PBXFileReference; fileEncoding = 4; lastKnownFileType = sourcecode.c.h; name = WTRPageMessenger.h; path = Rounting/WTRPageMessenger.h; sourceTree = "<group>"; };
		37223AE91BC8B9D20090AF3C /* WTRPageMessenger.m */ = {isa = PBXFileReference; fileEncoding = 4; lastKnownFileType = sourcecode.c.objc; name = WTRPageMessenger.m; path = Rounting/WTRPageMessenger.m; sourceTree = "<group>"; };
		37223AEC1BC8BEE80090AF3C /* WTRConfig.h */ = {isa = PBXFileReference; fileEncoding = 4; lastKnownFileType = sourcecode.c.h; name = WTRConfig.h; path = Settings/WTRConfig.h; sourceTree = "<group>"; };
		37223AED1BC8BEE80090AF3C /* WTRConfig.m */ = {isa = PBXFileReference; fileEncoding = 4; lastKnownFileType = sourcecode.c.objc; name = WTRConfig.m; path = Settings/WTRConfig.m; sourceTree = "<group>"; };
		37223AF01BC8C2C70090AF3C /* WTRBasePresenter.h */ = {isa = PBXFileReference; fileEncoding = 4; lastKnownFileType = sourcecode.c.h; name = WTRBasePresenter.h; path = Presenters/WTRBasePresenter.h; sourceTree = "<group>"; };
		37223AF11BC8C2C70090AF3C /* WTRBasePresenter.m */ = {isa = PBXFileReference; fileEncoding = 4; lastKnownFileType = sourcecode.c.objc; name = WTRBasePresenter.m; path = Presenters/WTRBasePresenter.m; sourceTree = "<group>"; };
		37223AF41BC8CA050090AF3C /* WTRBaseViewController.h */ = {isa = PBXFileReference; fileEncoding = 4; lastKnownFileType = sourcecode.c.h; name = WTRBaseViewController.h; path = Views/WTRBaseViewController.h; sourceTree = "<group>"; };
		37223AF51BC8CA050090AF3C /* WTRBaseViewController.m */ = {isa = PBXFileReference; fileEncoding = 4; lastKnownFileType = sourcecode.c.objc; name = WTRBaseViewController.m; path = Views/WTRBaseViewController.m; sourceTree = "<group>"; };
		3722F43F1BD47C5400D2A69C /* zh-Hans */ = {isa = PBXFileReference; lastKnownFileType = text.plist.strings; name = "zh-Hans"; path = "zh-Hans.lproj/Localizable.strings"; sourceTree = "<group>"; };
		3722F4401BD47C5D00D2A69C /* en */ = {isa = PBXFileReference; lastKnownFileType = text.plist.strings; name = en; path = en.lproj/Localizable.strings; sourceTree = "<group>"; };
		373888811BDF7E4A000BE28F /* WTRWeiboTimelineDisplayInterface.h */ = {isa = PBXFileReference; fileEncoding = 4; lastKnownFileType = sourcecode.c.h; name = WTRWeiboTimelineDisplayInterface.h; path = ViewInterfaces/WTRWeiboTimelineDisplayInterface.h; sourceTree = "<group>"; };
		373888841BDF7E65000BE28F /* WTRTwitterTimelineDisplayInterface.h */ = {isa = PBXFileReference; fileEncoding = 4; lastKnownFileType = sourcecode.c.h; name = WTRTwitterTimelineDisplayInterface.h; path = ViewInterfaces/WTRTwitterTimelineDisplayInterface.h; sourceTree = "<group>"; };
		374ADFDB1BC7A5E20055AEB5 /* WTRDeckViewController.h */ = {isa = PBXFileReference; fileEncoding = 4; lastKnownFileType = sourcecode.c.h; name = WTRDeckViewController.h; path = Views/WTRDeckViewController.h; sourceTree = "<group>"; };
		374ADFDC1BC7A5E20055AEB5 /* WTRDeckViewController.m */ = {isa = PBXFileReference; fileEncoding = 4; lastKnownFileType = sourcecode.c.objc; name = WTRDeckViewController.m; path = Views/WTRDeckViewController.m; sourceTree = "<group>"; };
		375BD2F91BCCB99000A3EF90 /* Images.xcassets */ = {isa = PBXFileReference; lastKnownFileType = folder.assetcatalog; path = Images.xcassets; sourceTree = "<group>"; };
		375BD2FB1BCCC11C00A3EF90 /* WTRProgressViewInterface.h */ = {isa = PBXFileReference; fileEncoding = 4; lastKnownFileType = sourcecode.c.h; name = WTRProgressViewInterface.h; path = ViewInterfaces/WTRProgressViewInterface.h; sourceTree = "<group>"; };
		375BD2FF1BCCC28E00A3EF90 /* WTRInitializationPresenter.h */ = {isa = PBXFileReference; fileEncoding = 4; lastKnownFileType = sourcecode.c.h; name = WTRInitializationPresenter.h; path = Presenters/WTRInitializationPresenter.h; sourceTree = "<group>"; };
		375BD3001BCCC28E00A3EF90 /* WTRInitializationPresenter.m */ = {isa = PBXFileReference; fileEncoding = 4; lastKnownFileType = sourcecode.c.objc; name = WTRInitializationPresenter.m; path = Presenters/WTRInitializationPresenter.m; sourceTree = "<group>"; };
		375BD3071BCCC3D300A3EF90 /* WTRDataSyncInteractor.h */ = {isa = PBXFileReference; fileEncoding = 4; lastKnownFileType = sourcecode.c.h; name = WTRDataSyncInteractor.h; path = Interactors/WTRDataSyncInteractor.h; sourceTree = "<group>"; };
		375BD3081BCCC3D300A3EF90 /* WTRDataSyncInteractor.m */ = {isa = PBXFileReference; fileEncoding = 4; lastKnownFileType = sourcecode.c.objc; name = WTRDataSyncInteractor.m; path = Interactors/WTRDataSyncInteractor.m; sourceTree = "<group>"; };
		37657CE01B45656E00E37CF8 /* UIStoryboard+WeiTwi.h */ = {isa = PBXFileReference; fileEncoding = 4; lastKnownFileType = sourcecode.c.h; name = "UIStoryboard+WeiTwi.h"; path = "Rounting/UIStoryboard+WeiTwi.h"; sourceTree = "<group>"; };
		37657CE31B4565CE00E37CF8 /* WTRWireframe.h */ = {isa = PBXFileReference; fileEncoding = 4; lastKnownFileType = sourcecode.c.h; name = WTRWireframe.h; path = Rounting/WTRWireframe.h; sourceTree = "<group>"; };
		37657CE41B4565CE00E37CF8 /* WTRWireframe.m */ = {isa = PBXFileReference; fileEncoding = 4; lastKnownFileType = sourcecode.c.objc; name = WTRWireframe.m; path = Rounting/WTRWireframe.m; sourceTree = "<group>"; };
		37657CE51B4565CE00E37CF8 /* WTRAssemblingFactory.h */ = {isa = PBXFileReference; fileEncoding = 4; lastKnownFileType = sourcecode.c.h; name = WTRAssemblingFactory.h; path = Rounting/WTRAssemblingFactory.h; sourceTree = "<group>"; };
		37657CE61B4565CE00E37CF8 /* WTRAssemblingFactory.m */ = {isa = PBXFileReference; fileEncoding = 4; lastKnownFileType = sourcecode.c.objc; name = WTRAssemblingFactory.m; path = Rounting/WTRAssemblingFactory.m; sourceTree = "<group>"; };
		37657CE91B45660500E37CF8 /* WTRTimeLineViewController.m */ = {isa = PBXFileReference; fileEncoding = 4; lastKnownFileType = sourcecode.c.objc; name = WTRTimeLineViewController.m; path = Views/WTRTimeLineViewController.m; sourceTree = "<group>"; };
		37657CEA1B45660500E37CF8 /* WTRTimeLineViewController.h */ = {isa = PBXFileReference; fileEncoding = 4; lastKnownFileType = sourcecode.c.h; name = WTRTimeLineViewController.h; path = Views/WTRTimeLineViewController.h; sourceTree = "<group>"; };
		37657CEC1B45660500E37CF8 /* WTRTimelineCell.h */ = {isa = PBXFileReference; fileEncoding = 4; lastKnownFileType = sourcecode.c.h; name = WTRTimelineCell.h; path = Views/WTRTimelineCell.h; sourceTree = "<group>"; };
		37657CED1B45660500E37CF8 /* WTRTimelineCell.m */ = {isa = PBXFileReference; fileEncoding = 4; lastKnownFileType = sourcecode.c.objc; name = WTRTimelineCell.m; path = Views/WTRTimelineCell.m; sourceTree = "<group>"; };
		37657CEE1B45660500E37CF8 /* WTRMyView.m */ = {isa = PBXFileReference; fileEncoding = 4; lastKnownFileType = sourcecode.c.objc; name = WTRMyView.m; path = Views/WTRMyView.m; sourceTree = "<group>"; };
		37657CEF1B45660500E37CF8 /* WTRMyView.h */ = {isa = PBXFileReference; fileEncoding = 4; lastKnownFileType = sourcecode.c.h; name = WTRMyView.h; path = Views/WTRMyView.h; sourceTree = "<group>"; };
		377CE10A1B45417300C28A90 /* WeiTwi.app */ = {isa = PBXFileReference; explicitFileType = wrapper.application; includeInIndex = 0; path = WeiTwi.app; sourceTree = BUILT_PRODUCTS_DIR; };
		377CE10E1B45417300C28A90 /* Info.plist */ = {isa = PBXFileReference; lastKnownFileType = text.plist.xml; path = Info.plist; sourceTree = "<group>"; };
		377CE10F1B45417300C28A90 /* main.m */ = {isa = PBXFileReference; lastKnownFileType = sourcecode.c.objc; path = main.m; sourceTree = "<group>"; };
		377CE1111B45417300C28A90 /* AppDelegate.h */ = {isa = PBXFileReference; lastKnownFileType = sourcecode.c.h; path = AppDelegate.h; sourceTree = "<group>"; };
		377CE1121B45417300C28A90 /* AppDelegate.m */ = {isa = PBXFileReference; lastKnownFileType = sourcecode.c.objc; path = AppDelegate.m; sourceTree = "<group>"; };
		377CE1181B45417300C28A90 /* Base */ = {isa = PBXFileReference; lastKnownFileType = file.storyboard; name = Base; path = Base.lproj/Main.storyboard; sourceTree = "<group>"; };
		377CE1231B45417300C28A90 /* WeiTwiTests.xctest */ = {isa = PBXFileReference; explicitFileType = wrapper.cfbundle; includeInIndex = 0; path = WeiTwiTests.xctest; sourceTree = BUILT_PRODUCTS_DIR; };
		377CE1281B45417300C28A90 /* Info.plist */ = {isa = PBXFileReference; lastKnownFileType = text.plist.xml; path = Info.plist; sourceTree = "<group>"; };
		377CE1291B45417300C28A90 /* WeiTwiTests.m */ = {isa = PBXFileReference; lastKnownFileType = sourcecode.c.objc; path = WeiTwiTests.m; sourceTree = "<group>"; };
		378478A71BD68A96009A2F6B /* WTRSwipeHorizontalInteractiveTransition.h */ = {isa = PBXFileReference; fileEncoding = 4; lastKnownFileType = sourcecode.c.h; name = WTRSwipeHorizontalInteractiveTransition.h; path = Rounting/WTRSwipeHorizontalInteractiveTransition.h; sourceTree = "<group>"; };
		378478A81BD68A96009A2F6B /* WTRSwipeHorizontalInteractiveTransition.m */ = {isa = PBXFileReference; fileEncoding = 4; lastKnownFileType = sourcecode.c.objc; name = WTRSwipeHorizontalInteractiveTransition.m; path = Rounting/WTRSwipeHorizontalInteractiveTransition.m; sourceTree = "<group>"; };
		379101A11BD4B0DE00AC8E1C /* WTRDeckPresenter.h */ = {isa = PBXFileReference; fileEncoding = 4; lastKnownFileType = sourcecode.c.h; name = WTRDeckPresenter.h; path = Presenters/WTRDeckPresenter.h; sourceTree = "<group>"; };
		379101A21BD4B0DE00AC8E1C /* WTRDeckPresenter.m */ = {isa = PBXFileReference; fileEncoding = 4; lastKnownFileType = sourcecode.c.objc; name = WTRDeckPresenter.m; path = Presenters/WTRDeckPresenter.m; sourceTree = "<group>"; };
		379101A81BD4DCFC00AC8E1C /* WTRDecListTableViewCell.h */ = {isa = PBXFileReference; fileEncoding = 4; lastKnownFileType = sourcecode.c.h; name = WTRDecListTableViewCell.h; path = Views/WTRDecListTableViewCell.h; sourceTree = "<group>"; };
		379101A91BD4DCFC00AC8E1C /* WTRDecListTableViewCell.m */ = {isa = PBXFileReference; fileEncoding = 4; lastKnownFileType = sourcecode.c.objc; name = WTRDecListTableViewCell.m; path = Views/WTRDecListTableViewCell.m; sourceTree = "<group>"; };
		379101AA1BD4DCFC00AC8E1C /* WTRDecListTableViewCell.xib */ = {isa = PBXFileReference; fileEncoding = 4; lastKnownFileType = file.xib; name = WTRDecListTableViewCell.xib; path = Views/WTRDecListTableViewCell.xib; sourceTree = "<group>"; };
		379101AD1BD4DE2100AC8E1C /* WTRUserGroupListDisplayInterface.h */ = {isa = PBXFileReference; fileEncoding = 4; lastKnownFileType = sourcecode.c.h; name = WTRUserGroupListDisplayInterface.h; path = ViewInterfaces/WTRUserGroupListDisplayInterface.h; sourceTree = "<group>"; };
		37A0BFC31BDF345900BBCF4D /* WTRTwitterManagerInteractor.h */ = {isa = PBXFileReference; fileEncoding = 4; lastKnownFileType = sourcecode.c.h; name = WTRTwitterManagerInteractor.h; path = Interactors/WTRTwitterManagerInteractor.h; sourceTree = "<group>"; };
		37A0BFC41BDF345900BBCF4D /* WTRTwitterManagerInteractor.m */ = {isa = PBXFileReference; fileEncoding = 4; lastKnownFileType = sourcecode.c.objc; name = WTRTwitterManagerInteractor.m; path = Interactors/WTRTwitterManagerInteractor.m; sourceTree = "<group>"; };
		37A0BFC61BDF350600BBCF4D /* WTRTwitterTimelinePresenter.h */ = {isa = PBXFileReference; fileEncoding = 4; lastKnownFileType = sourcecode.c.h; name = WTRTwitterTimelinePresenter.h; path = Presenters/WTRTwitterTimelinePresenter.h; sourceTree = "<group>"; };
		37A0BFC71BDF350600BBCF4D /* WTRTwitterTimelinePresenter.m */ = {isa = PBXFileReference; fileEncoding = 4; lastKnownFileType = sourcecode.c.objc; name = WTRTwitterTimelinePresenter.m; path = Presenters/WTRTwitterTimelinePresenter.m; sourceTree = "<group>"; };
		37A7ACB21BCCB21E00243B25 /* WTRSplashScreenViewController.h */ = {isa = PBXFileReference; fileEncoding = 4; lastKnownFileType = sourcecode.c.h; name = WTRSplashScreenViewController.h; path = Views/WTRSplashScreenViewController.h; sourceTree = "<group>"; };
		37A7ACB31BCCB21E00243B25 /* WTRSplashScreenViewController.m */ = {isa = PBXFileReference; fileEncoding = 4; lastKnownFileType = sourcecode.c.objc; name = WTRSplashScreenViewController.m; path = Views/WTRSplashScreenViewController.m; sourceTree = "<group>"; };
		37A7ACB91BCCB5CB00243B25 /* Base */ = {isa = PBXFileReference; lastKnownFileType = file.storyboard; name = Base; path = Base.lproj/Generic.storyboard; sourceTree = "<group>"; };
		37AA3FE71BCB7F1A00F1133D /* NSBundle+WeiTwi.h */ = {isa = PBXFileReference; fileEncoding = 4; lastKnownFileType = sourcecode.c.h; name = "NSBundle+WeiTwi.h"; path = "Rounting/NSBundle+WeiTwi.h"; sourceTree = "<group>"; };
		37AA3FE81BCB7F1A00F1133D /* NSBundle+WeiTwi.m */ = {isa = PBXFileReference; fileEncoding = 4; lastKnownFileType = sourcecode.c.objc; name = "NSBundle+WeiTwi.m"; path = "Rounting/NSBundle+WeiTwi.m"; sourceTree = "<group>"; };
		37AA3FEA1BCB7F9900F1133D /* UINib+WeiTwi.h */ = {isa = PBXFileReference; fileEncoding = 4; lastKnownFileType = sourcecode.c.h; name = "UINib+WeiTwi.h"; path = "Rounting/UINib+WeiTwi.h"; sourceTree = "<group>"; };
		37AA3FEB1BCB7F9900F1133D /* UINib+WeiTwi.m */ = {isa = PBXFileReference; fileEncoding = 4; lastKnownFileType = sourcecode.c.objc; name = "UINib+WeiTwi.m"; path = "Rounting/UINib+WeiTwi.m"; sourceTree = "<group>"; };
		37AE551C1B7DDAA500681904 /* QuartzCore.framework */ = {isa = PBXFileReference; lastKnownFileType = wrapper.framework; name = QuartzCore.framework; path = System/Library/Frameworks/QuartzCore.framework; sourceTree = SDKROOT; };
		37B5AFAD1BE475E000E6F97A /* WTRWeiboGeoInfo.h */ = {isa = PBXFileReference; fileEncoding = 4; lastKnownFileType = sourcecode.c.h; name = WTRWeiboGeoInfo.h; path = DTOs/WTRWeiboGeoInfo.h; sourceTree = "<group>"; };
		37B5AFAE1BE475E000E6F97A /* WTRWeiboGeoInfo.m */ = {isa = PBXFileReference; fileEncoding = 4; lastKnownFileType = sourcecode.c.objc; name = WTRWeiboGeoInfo.m; path = DTOs/WTRWeiboGeoInfo.m; sourceTree = "<group>"; };
		37B5AFB11BE4BD9A00E6F97A /* WTRAuthorizedUser+DataManager.h */ = {isa = PBXFileReference; fileEncoding = 4; lastKnownFileType = sourcecode.c.h; name = "WTRAuthorizedUser+DataManager.h"; path = "Models/WTRAuthorizedUser+DataManager.h"; sourceTree = "<group>"; };
		37B5AFB21BE4BD9A00E6F97A /* WTRAuthorizedUser+DataManager.m */ = {isa = PBXFileReference; fileEncoding = 4; lastKnownFileType = sourcecode.c.objc; name = "WTRAuthorizedUser+DataManager.m"; path = "Models/WTRAuthorizedUser+DataManager.m"; sourceTree = "<group>"; };
		37B5AFB51BE4E8B500E6F97A /* WTRWeiboUser+Utility.h */ = {isa = PBXFileReference; fileEncoding = 4; lastKnownFileType = sourcecode.c.h; name = "WTRWeiboUser+Utility.h"; path = "DTOs/WTRWeiboUser+Utility.h"; sourceTree = "<group>"; };
		37B5AFB61BE4E8B500E6F97A /* WTRWeiboUser+Utility.m */ = {isa = PBXFileReference; fileEncoding = 4; lastKnownFileType = sourcecode.c.objc; name = "WTRWeiboUser+Utility.m"; path = "DTOs/WTRWeiboUser+Utility.m"; sourceTree = "<group>"; };
		37B5AFB81BE4E9C400E6F97A /* WTRAuthorizedUser+Utility.h */ = {isa = PBXFileReference; fileEncoding = 4; lastKnownFileType = sourcecode.c.h; name = "WTRAuthorizedUser+Utility.h"; path = "Models/WTRAuthorizedUser+Utility.h"; sourceTree = "<group>"; };
		37B5AFB91BE4E9C400E6F97A /* WTRAuthorizedUser+Utility.m */ = {isa = PBXFileReference; fileEncoding = 4; lastKnownFileType = sourcecode.c.objc; name = "WTRAuthorizedUser+Utility.m"; path = "Models/WTRAuthorizedUser+Utility.m"; sourceTree = "<group>"; };
		37B5AFBB1BE502CA00E6F97A /* WTRWeiboStatus+Utility.h */ = {isa = PBXFileReference; fileEncoding = 4; lastKnownFileType = sourcecode.c.h; name = "WTRWeiboStatus+Utility.h"; path = "Models/WTRWeiboStatus+Utility.h"; sourceTree = "<group>"; };
		37B5AFBC1BE502CA00E6F97A /* WTRWeiboStatus+Utility.m */ = {isa = PBXFileReference; fileEncoding = 4; lastKnownFileType = sourcecode.c.objc; name = "WTRWeiboStatus+Utility.m"; path = "Models/WTRWeiboStatus+Utility.m"; sourceTree = "<group>"; };
		37BCAEDF1BC6756700CB2D14 /* UIStoryboard+WeiTwi.m */ = {isa = PBXFileReference; fileEncoding = 4; lastKnownFileType = sourcecode.c.objc; name = "UIStoryboard+WeiTwi.m"; path = "Rounting/UIStoryboard+WeiTwi.m"; sourceTree = "<group>"; };
		37C935DB1B48D4F700160224 /* WTRApiRequest.h */ = {isa = PBXFileReference; fileEncoding = 4; lastKnownFileType = sourcecode.c.h; name = WTRApiRequest.h; path = ApiService/WTRApiRequest.h; sourceTree = "<group>"; };
		37C935DC1B48D4F700160224 /* WTRApiRequest.m */ = {isa = PBXFileReference; fileEncoding = 4; lastKnownFileType = sourcecode.c.objc; name = WTRApiRequest.m; path = ApiService/WTRApiRequest.m; sourceTree = "<group>"; };
		37C935DD1B48D4F700160224 /* WTRApiRequest+BuildFactory.h */ = {isa = PBXFileReference; fileEncoding = 4; lastKnownFileType = sourcecode.c.h; name = "WTRApiRequest+BuildFactory.h"; path = "ApiService/WTRApiRequest+BuildFactory.h"; sourceTree = "<group>"; };
		37C935DE1B48D4F700160224 /* WTRApiRequest+BuildFactory.m */ = {isa = PBXFileReference; fileEncoding = 4; lastKnownFileType = sourcecode.c.objc; name = "WTRApiRequest+BuildFactory.m"; path = "ApiService/WTRApiRequest+BuildFactory.m"; sourceTree = "<group>"; };
		37C935DF1B48D4F700160224 /* WTRApiResponse.h */ = {isa = PBXFileReference; fileEncoding = 4; lastKnownFileType = sourcecode.c.h; name = WTRApiResponse.h; path = ApiService/WTRApiResponse.h; sourceTree = "<group>"; };
		37C935E01B48D4F700160224 /* WTRApiResponse.m */ = {isa = PBXFileReference; fileEncoding = 4; lastKnownFileType = sourcecode.c.objc; name = WTRApiResponse.m; path = ApiService/WTRApiResponse.m; sourceTree = "<group>"; };
		37C935E11B48D4F700160224 /* WTRApiService.h */ = {isa = PBXFileReference; fileEncoding = 4; lastKnownFileType = sourcecode.c.h; name = WTRApiService.h; path = ApiService/WTRApiService.h; sourceTree = "<group>"; };
		37C935E21B48D4F700160224 /* WTRApiService.m */ = {isa = PBXFileReference; fileEncoding = 4; lastKnownFileType = sourcecode.c.objc; name = WTRApiService.m; path = ApiService/WTRApiService.m; sourceTree = "<group>"; };
		37C935E31B48D4F700160224 /* WTRUserInfo+ResponseParser.h */ = {isa = PBXFileReference; fileEncoding = 4; lastKnownFileType = sourcecode.c.h; name = "WTRUserInfo+ResponseParser.h"; path = "ApiService/WTRUserInfo+ResponseParser.h"; sourceTree = "<group>"; };
		37C935E41B48D4F700160224 /* WTRUserInfo+ResponseParser.m */ = {isa = PBXFileReference; fileEncoding = 4; lastKnownFileType = sourcecode.c.objc; name = "WTRUserInfo+ResponseParser.m"; path = "ApiService/WTRUserInfo+ResponseParser.m"; sourceTree = "<group>"; };
		37C935EB1B48DBB700160224 /* NSString+WTRUtility.m */ = {isa = PBXFileReference; fileEncoding = 4; lastKnownFileType = sourcecode.c.objc; name = "NSString+WTRUtility.m"; path = "Tools/NSString+WTRUtility.m"; sourceTree = "<group>"; };
		37C935EC1B48DBB700160224 /* NSString+WTRUtility.h */ = {isa = PBXFileReference; fileEncoding = 4; lastKnownFileType = sourcecode.c.h; name = "NSString+WTRUtility.h"; path = "Tools/NSString+WTRUtility.h"; sourceTree = "<group>"; };
		37C935ED1B48DBB700160224 /* NSDictionary+WTRUtility.h */ = {isa = PBXFileReference; fileEncoding = 4; lastKnownFileType = sourcecode.c.h; name = "NSDictionary+WTRUtility.h"; path = "Tools/NSDictionary+WTRUtility.h"; sourceTree = "<group>"; };
		37C935EE1B48DBB700160224 /* NSDictionary+WTRUtility.m */ = {isa = PBXFileReference; fileEncoding = 4; lastKnownFileType = sourcecode.c.objc; name = "NSDictionary+WTRUtility.m"; path = "Tools/NSDictionary+WTRUtility.m"; sourceTree = "<group>"; };
		37C935F21B48E00300160224 /* WTRWeiboUserInfo.h */ = {isa = PBXFileReference; fileEncoding = 4; lastKnownFileType = sourcecode.c.h; name = WTRWeiboUserInfo.h; path = DTOs/WTRWeiboUserInfo.h; sourceTree = "<group>"; };
		37C935F31B48E00300160224 /* WTRWeiboUserInfo.m */ = {isa = PBXFileReference; fileEncoding = 4; lastKnownFileType = sourcecode.c.objc; name = WTRWeiboUserInfo.m; path = DTOs/WTRWeiboUserInfo.m; sourceTree = "<group>"; };
		37C935F81B4918A700160224 /* WTRWeiboStatusInfo.h */ = {isa = PBXFileReference; fileEncoding = 4; lastKnownFileType = sourcecode.c.h; name = WTRWeiboStatusInfo.h; path = DTOs/WTRWeiboStatusInfo.h; sourceTree = "<group>"; };
		37C935F91B4918A700160224 /* WTRWeiboStatusInfo.m */ = {isa = PBXFileReference; fileEncoding = 4; lastKnownFileType = sourcecode.c.objc; name = WTRWeiboStatusInfo.m; path = DTOs/WTRWeiboStatusInfo.m; sourceTree = "<group>"; };
		37C935FB1B491D7500160224 /* WTRWeiboStatuses+ResponseParser.h */ = {isa = PBXFileReference; fileEncoding = 4; lastKnownFileType = sourcecode.c.h; name = "WTRWeiboStatuses+ResponseParser.h"; path = "ApiService/WTRWeiboStatuses+ResponseParser.h"; sourceTree = "<group>"; };
		37C935FC1B491D7500160224 /* WTRWeiboStatuses+ResponseParser.m */ = {isa = PBXFileReference; fileEncoding = 4; lastKnownFileType = sourcecode.c.objc; name = "WTRWeiboStatuses+ResponseParser.m"; path = "ApiService/WTRWeiboStatuses+ResponseParser.m"; sourceTree = "<group>"; };
		37CBF5E71BD0B20800E01554 /* WTRModalViewTransition.h */ = {isa = PBXFileReference; fileEncoding = 4; lastKnownFileType = sourcecode.c.h; name = WTRModalViewTransition.h; path = Rounting/WTRModalViewTransition.h; sourceTree = "<group>"; };
		37CBF5E81BD0B20800E01554 /* WTRModalViewTransition.m */ = {isa = PBXFileReference; fileEncoding = 4; lastKnownFileType = sourcecode.c.objc; name = WTRModalViewTransition.m; path = Rounting/WTRModalViewTransition.m; sourceTree = "<group>"; };
		37CBF5EA1BD0B21800E01554 /* WTRTransitionDelegate.h */ = {isa = PBXFileReference; fileEncoding = 4; lastKnownFileType = sourcecode.c.h; name = WTRTransitionDelegate.h; path = Rounting/WTRTransitionDelegate.h; sourceTree = "<group>"; };
		37CBF5EB1BD0B21800E01554 /* WTRTransitionDelegate.m */ = {isa = PBXFileReference; fileEncoding = 4; lastKnownFileType = sourcecode.c.objc; name = WTRTransitionDelegate.m; path = Rounting/WTRTransitionDelegate.m; sourceTree = "<group>"; };
		37CBF5ED1BD0FC0300E01554 /* WTRMessageViewController.h */ = {isa = PBXFileReference; fileEncoding = 4; lastKnownFileType = sourcecode.c.h; name = WTRMessageViewController.h; path = Views/WTRMessageViewController.h; sourceTree = "<group>"; };
		37CBF5EE1BD0FC0300E01554 /* WTRMessageViewController.m */ = {isa = PBXFileReference; fileEncoding = 4; lastKnownFileType = sourcecode.c.objc; name = WTRMessageViewController.m; path = Views/WTRMessageViewController.m; sourceTree = "<group>"; };
		37CBF5F01BD0FC1900E01554 /* WTRExploreViewController.h */ = {isa = PBXFileReference; fileEncoding = 4; lastKnownFileType = sourcecode.c.h; name = WTRExploreViewController.h; path = Views/WTRExploreViewController.h; sourceTree = "<group>"; };
		37CBF5F11BD0FC1900E01554 /* WTRExploreViewController.m */ = {isa = PBXFileReference; fileEncoding = 4; lastKnownFileType = sourcecode.c.objc; name = WTRExploreViewController.m; path = Views/WTRExploreViewController.m; sourceTree = "<group>"; };
		37CBF5F31BD0FC4100E01554 /* WTRSettingViewController.h */ = {isa = PBXFileReference; fileEncoding = 4; lastKnownFileType = sourcecode.c.h; name = WTRSettingViewController.h; path = Views/WTRSettingViewController.h; sourceTree = "<group>"; };
		37CBF5F41BD0FC4100E01554 /* WTRSettingViewController.m */ = {isa = PBXFileReference; fileEncoding = 4; lastKnownFileType = sourcecode.c.objc; name = WTRSettingViewController.m; path = Views/WTRSettingViewController.m; sourceTree = "<group>"; };
		37CE41E11BE0A5260040F880 /* WTRWeiboSDKDelegate.h */ = {isa = PBXFileReference; fileEncoding = 4; lastKnownFileType = sourcecode.c.h; name = WTRWeiboSDKDelegate.h; path = Interactors/WTRWeiboSDKDelegate.h; sourceTree = "<group>"; };
		37CE41E21BE0A5260040F880 /* WTRWeiboSDKDelegate.m */ = {isa = PBXFileReference; fileEncoding = 4; lastKnownFileType = sourcecode.c.objc; name = WTRWeiboSDKDelegate.m; path = Interactors/WTRWeiboSDKDelegate.m; sourceTree = "<group>"; };
		37CE41E41BE0A5570040F880 /* WTRWeiboManagerInteractor.m */ = {isa = PBXFileReference; fileEncoding = 4; lastKnownFileType = sourcecode.c.objc; name = WTRWeiboManagerInteractor.m; path = Interactors/WTRWeiboManagerInteractor.m; sourceTree = "<group>"; };
		37CE41E51BE0A5570040F880 /* WTRWeiboManagerInteractor.h */ = {isa = PBXFileReference; fileEncoding = 4; lastKnownFileType = sourcecode.c.h; name = WTRWeiboManagerInteractor.h; path = Interactors/WTRWeiboManagerInteractor.h; sourceTree = "<group>"; };
		37F5146D1BD8B4E700D151AF /* MMDrawerBarButtonItem.h */ = {isa = PBXFileReference; fileEncoding = 4; lastKnownFileType = sourcecode.c.h; name = MMDrawerBarButtonItem.h; path = MMDrawerController/MMDrawerBarButtonItem.h; sourceTree = "<group>"; };
		37F5146E1BD8B4E700D151AF /* MMDrawerBarButtonItem.m */ = {isa = PBXFileReference; fileEncoding = 4; lastKnownFileType = sourcecode.c.objc; name = MMDrawerBarButtonItem.m; path = MMDrawerController/MMDrawerBarButtonItem.m; sourceTree = "<group>"; };
		37F5146F1BD8B4E700D151AF /* MMDrawerController.h */ = {isa = PBXFileReference; fileEncoding = 4; lastKnownFileType = sourcecode.c.h; name = MMDrawerController.h; path = MMDrawerController/MMDrawerController.h; sourceTree = "<group>"; };
		37F514701BD8B4E700D151AF /* MMDrawerController.m */ = {isa = PBXFileReference; fileEncoding = 4; lastKnownFileType = sourcecode.c.objc; name = MMDrawerController.m; path = MMDrawerController/MMDrawerController.m; sourceTree = "<group>"; };
		37F514711BD8B4E700D151AF /* MMDrawerController+Subclass.h */ = {isa = PBXFileReference; fileEncoding = 4; lastKnownFileType = sourcecode.c.h; name = "MMDrawerController+Subclass.h"; path = "MMDrawerController/MMDrawerController+Subclass.h"; sourceTree = "<group>"; };
		37F514721BD8B4E700D151AF /* MMDrawerVisualState.h */ = {isa = PBXFileReference; fileEncoding = 4; lastKnownFileType = sourcecode.c.h; name = MMDrawerVisualState.h; path = MMDrawerController/MMDrawerVisualState.h; sourceTree = "<group>"; };
		37F514731BD8B4E700D151AF /* MMDrawerVisualState.m */ = {isa = PBXFileReference; fileEncoding = 4; lastKnownFileType = sourcecode.c.objc; name = MMDrawerVisualState.m; path = MMDrawerController/MMDrawerVisualState.m; sourceTree = "<group>"; };
		37F514741BD8B4E700D151AF /* UIViewController+MMDrawerController.h */ = {isa = PBXFileReference; fileEncoding = 4; lastKnownFileType = sourcecode.c.h; name = "UIViewController+MMDrawerController.h"; path = "MMDrawerController/UIViewController+MMDrawerController.h"; sourceTree = "<group>"; };
		37F514751BD8B4E700D151AF /* UIViewController+MMDrawerController.m */ = {isa = PBXFileReference; fileEncoding = 4; lastKnownFileType = sourcecode.c.objc; name = "UIViewController+MMDrawerController.m"; path = "MMDrawerController/UIViewController+MMDrawerController.m"; sourceTree = "<group>"; };
		37F6527C1BCF794E00109CDF /* NSUserDefaults+CFUtility.m */ = {isa = PBXFileReference; fileEncoding = 4; lastKnownFileType = sourcecode.c.objc; name = "NSUserDefaults+CFUtility.m"; path = "Tools/NSUserDefaults+CFUtility.m"; sourceTree = "<group>"; };
		37F6527D1BCF794E00109CDF /* NSUserDefaults+CFUtility.h */ = {isa = PBXFileReference; fileEncoding = 4; lastKnownFileType = sourcecode.c.h; name = "NSUserDefaults+CFUtility.h"; path = "Tools/NSUserDefaults+CFUtility.h"; sourceTree = "<group>"; };
		37F6527F1BCFABFF00109CDF /* WTRNavigationPresenter.h */ = {isa = PBXFileReference; fileEncoding = 4; lastKnownFileType = sourcecode.c.h; name = WTRNavigationPresenter.h; path = Presenters/WTRNavigationPresenter.h; sourceTree = "<group>"; };
		37F652801BCFABFF00109CDF /* WTRNavigationPresenter.m */ = {isa = PBXFileReference; fileEncoding = 4; lastKnownFileType = sourcecode.c.objc; name = WTRNavigationPresenter.m; path = Presenters/WTRNavigationPresenter.m; sourceTree = "<group>"; };
		37F6D0CA1BE32CA800E1E611 /* WTRAuthorizedUserInfo.h */ = {isa = PBXFileReference; fileEncoding = 4; lastKnownFileType = sourcecode.c.h; name = WTRAuthorizedUserInfo.h; path = DTOs/WTRAuthorizedUserInfo.h; sourceTree = "<group>"; };
		37F6D0CB1BE32CA800E1E611 /* WTRAuthorizedUserInfo.m */ = {isa = PBXFileReference; fileEncoding = 4; lastKnownFileType = sourcecode.c.objc; name = WTRAuthorizedUserInfo.m; path = DTOs/WTRAuthorizedUserInfo.m; sourceTree = "<group>"; };
		37F6D0CE1BE33C6E00E1E611 /* WeiTwi.xcdatamodel */ = {isa = PBXFileReference; lastKnownFileType = wrapper.xcdatamodel; path = WeiTwi.xcdatamodel; sourceTree = "<group>"; };
		37F6D0D11BE33FEC00E1E611 /* WTRAuthorizedUser.h */ = {isa = PBXFileReference; fileEncoding = 4; lastKnownFileType = sourcecode.c.h; name = WTRAuthorizedUser.h; path = Models/WTRAuthorizedUser.h; sourceTree = "<group>"; };
		37F6D0D21BE33FEC00E1E611 /* WTRAuthorizedUser.m */ = {isa = PBXFileReference; fileEncoding = 4; lastKnownFileType = sourcecode.c.objc; name = WTRAuthorizedUser.m; path = Models/WTRAuthorizedUser.m; sourceTree = "<group>"; };
		37F6D0D41BE3412300E1E611 /* WTRWeiboUser.h */ = {isa = PBXFileReference; fileEncoding = 4; lastKnownFileType = sourcecode.c.h; name = WTRWeiboUser.h; path = Models/WTRWeiboUser.h; sourceTree = "<group>"; };
		37F6D0D51BE3412300E1E611 /* WTRWeiboUser.m */ = {isa = PBXFileReference; fileEncoding = 4; lastKnownFileType = sourcecode.c.objc; name = WTRWeiboUser.m; path = Models/WTRWeiboUser.m; sourceTree = "<group>"; };
		37F6D0D71BE35C5800E1E611 /* WTRWeiboStatus.h */ = {isa = PBXFileReference; fileEncoding = 4; lastKnownFileType = sourcecode.c.h; name = WTRWeiboStatus.h; path = Models/WTRWeiboStatus.h; sourceTree = "<group>"; };
		37F6D0D81BE35C5800E1E611 /* WTRWeiboStatus.m */ = {isa = PBXFileReference; fileEncoding = 4; lastKnownFileType = sourcecode.c.objc; name = WTRWeiboStatus.m; path = Models/WTRWeiboStatus.m; sourceTree = "<group>"; };
		37F6D0DA1BE361F700E1E611 /* WTRWeiboGeo.h */ = {isa = PBXFileReference; fileEncoding = 4; lastKnownFileType = sourcecode.c.h; name = WTRWeiboGeo.h; path = Models/WTRWeiboGeo.h; sourceTree = "<group>"; };
		37F6D0DB1BE361F700E1E611 /* WTRWeiboGeo.m */ = {isa = PBXFileReference; fileEncoding = 4; lastKnownFileType = sourcecode.c.objc; name = WTRWeiboGeo.m; path = Models/WTRWeiboGeo.m; sourceTree = "<group>"; };
		37F6D0DD1BE3643800E1E611 /* WTRWeiboComment.h */ = {isa = PBXFileReference; fileEncoding = 4; lastKnownFileType = sourcecode.c.h; name = WTRWeiboComment.h; path = Models/WTRWeiboComment.h; sourceTree = "<group>"; };
		37F6D0DE1BE3643800E1E611 /* WTRWeiboComment.m */ = {isa = PBXFileReference; fileEncoding = 4; lastKnownFileType = sourcecode.c.objc; name = WTRWeiboComment.m; path = Models/WTRWeiboComment.m; sourceTree = "<group>"; };
		37F6D0E01BE365CF00E1E611 /* WTRWeiboPrivacy.h */ = {isa = PBXFileReference; fileEncoding = 4; lastKnownFileType = sourcecode.c.h; name = WTRWeiboPrivacy.h; path = Models/WTRWeiboPrivacy.h; sourceTree = "<group>"; };
		37F6D0E11BE365CF00E1E611 /* WTRWeiboPrivacy.m */ = {isa = PBXFileReference; fileEncoding = 4; lastKnownFileType = sourcecode.c.objc; name = WTRWeiboPrivacy.m; path = Models/WTRWeiboPrivacy.m; sourceTree = "<group>"; };
		37F6D0E31BE365ED00E1E611 /* WTRWeiboRemind.h */ = {isa = PBXFileReference; fileEncoding = 4; lastKnownFileType = sourcecode.c.h; name = WTRWeiboRemind.h; path = Models/WTRWeiboRemind.h; sourceTree = "<group>"; };
		37F6D0E41BE365ED00E1E611 /* WTRWeiboRemind.m */ = {isa = PBXFileReference; fileEncoding = 4; lastKnownFileType = sourcecode.c.objc; name = WTRWeiboRemind.m; path = Models/WTRWeiboRemind.m; sourceTree = "<group>"; };
		37F6D0E61BE3660400E1E611 /* WTRWeiboUrlShort.h */ = {isa = PBXFileReference; fileEncoding = 4; lastKnownFileType = sourcecode.c.h; name = WTRWeiboUrlShort.h; path = Models/WTRWeiboUrlShort.h; sourceTree = "<group>"; };
		37F6D0E71BE3660400E1E611 /* WTRWeiboUrlShort.m */ = {isa = PBXFileReference; fileEncoding = 4; lastKnownFileType = sourcecode.c.objc; name = WTRWeiboUrlShort.m; path = Models/WTRWeiboUrlShort.m; sourceTree = "<group>"; };
		37FBE0EA1B46310D00813B36 /* WTRTimelineCell.xib */ = {isa = PBXFileReference; fileEncoding = 4; lastKnownFileType = file.xib; name = WTRTimelineCell.xib; path = Views/WTRTimelineCell.xib; sourceTree = "<group>"; };
		55D331FFA3FE042AD41B3CEA /* libPods-WeiTwi.a */ = {isa = PBXFileReference; explicitFileType = archive.ar; includeInIndex = 0; path = "libPods-WeiTwi.a"; sourceTree = BUILT_PRODUCTS_DIR; };
		9F61800DCCF3AF36E86E5B0D /* Pods-WeiTwi.release.xcconfig */ = {isa = PBXFileReference; includeInIndex = 1; lastKnownFileType = text.xcconfig; name = "Pods-WeiTwi.release.xcconfig"; path = "Pods/Target Support Files/Pods-WeiTwi/Pods-WeiTwi.release.xcconfig"; sourceTree = "<group>"; };
		BA95D44F6D8DE1590A94AC21 /* Pods-WeiTwi.debug.xcconfig */ = {isa = PBXFileReference; includeInIndex = 1; lastKnownFileType = text.xcconfig; name = "Pods-WeiTwi.debug.xcconfig"; path = "Pods/Target Support Files/Pods-WeiTwi/Pods-WeiTwi.debug.xcconfig"; sourceTree = "<group>"; };
/* End PBXFileReference section */

/* Begin PBXFrameworksBuildPhase section */
		377CE1071B45417300C28A90 /* Frameworks */ = {
			isa = PBXFrameworksBuildPhase;
			buildActionMask = 2147483647;
			files = (
				8FE3677386C0CDD881EBD69D /* libPods-WeiTwi.a in Frameworks */,
			);
			runOnlyForDeploymentPostprocessing = 0;
		};
		377CE1201B45417300C28A90 /* Frameworks */ = {
			isa = PBXFrameworksBuildPhase;
			buildActionMask = 2147483647;
			files = (
			);
			runOnlyForDeploymentPostprocessing = 0;
		};
/* End PBXFrameworksBuildPhase section */

/* Begin PBXGroup section */
		3706DE741BD61B04007C0072 /* Widgets */ = {
			isa = PBXGroup;
			children = (
				37223AF31BC8C4FE0090AF3C /* Basic */,
				378478AA1BD68AB7009A2F6B /* Transition */,
				3706DE751BD61B09007C0072 /* Motions */,
			);
			name = Widgets;
			sourceTree = "<group>";
		};
		3706DE751BD61B09007C0072 /* Motions */ = {
			isa = PBXGroup;
			children = (
				3706DE781BD61B40007C0072 /* SlideMotion.h */,
				3706DE771BD61B40007C0072 /* SlideMotion.m */,
				3706DE791BD61B40007C0072 /* SlideMotion+Calculation.h */,
				3706DE761BD61B40007C0072 /* SlideMotion+Calculation.m */,
			);
			name = Motions;
			sourceTree = "<group>";
		};
		3706DE7F1BD62E1A007C0072 /* DeckList */ = {
			isa = PBXGroup;
			children = (
				379101A11BD4B0DE00AC8E1C /* WTRDeckPresenter.h */,
				379101A21BD4B0DE00AC8E1C /* WTRDeckPresenter.m */,
			);
			name = DeckList;
			sourceTree = "<group>";
		};
		3706DE801BD62E23007C0072 /* TimeLine */ = {
			isa = PBXGroup;
			children = (
				3706DE7C1BD62E16007C0072 /* WTRWeiboTimeLinePresenter.h */,
				3706DE7D1BD62E16007C0072 /* WTRWeiboTimeLinePresenter.m */,
				37A0BFC61BDF350600BBCF4D /* WTRTwitterTimelinePresenter.h */,
				37A0BFC71BDF350600BBCF4D /* WTRTwitterTimelinePresenter.m */,
			);
			name = TimeLine;
			sourceTree = "<group>";
		};
		3706DE811BD630EF007C0072 /* Mesage */ = {
			isa = PBXGroup;
			children = (
				37CBF5ED1BD0FC0300E01554 /* WTRMessageViewController.h */,
				37CBF5EE1BD0FC0300E01554 /* WTRMessageViewController.m */,
			);
			name = Mesage;
			sourceTree = "<group>";
		};
		3706DE821BD630FC007C0072 /* Explore */ = {
			isa = PBXGroup;
			children = (
				37CBF5F01BD0FC1900E01554 /* WTRExploreViewController.h */,
				37CBF5F11BD0FC1900E01554 /* WTRExploreViewController.m */,
			);
			name = Explore;
			sourceTree = "<group>";
		};
		3706DE831BD63109007C0072 /* Setting */ = {
			isa = PBXGroup;
			children = (
				37CBF5F31BD0FC4100E01554 /* WTRSettingViewController.h */,
				37CBF5F41BD0FC4100E01554 /* WTRSettingViewController.m */,
			);
			name = Setting;
			sourceTree = "<group>";
		};
		3706DE841BD63113007C0072 /* Timeline */ = {
			isa = PBXGroup;
			children = (
				37657CEA1B45660500E37CF8 /* WTRTimeLineViewController.h */,
				37657CE91B45660500E37CF8 /* WTRTimeLineViewController.m */,
				37657CEC1B45660500E37CF8 /* WTRTimelineCell.h */,
				37657CED1B45660500E37CF8 /* WTRTimelineCell.m */,
				37FBE0EA1B46310D00813B36 /* WTRTimelineCell.xib */,
			);
			name = Timeline;
			sourceTree = "<group>";
		};
		37223AEB1BC8BC350090AF3C /* Settings */ = {
			isa = PBXGroup;
			children = (
				37223AEC1BC8BEE80090AF3C /* WTRConfig.h */,
				37223AED1BC8BEE80090AF3C /* WTRConfig.m */,
			);
			name = Settings;
			sourceTree = "<group>";
		};
		37223AEF1BC8C2A80090AF3C /* Basic */ = {
			isa = PBXGroup;
			children = (
				37223AF01BC8C2C70090AF3C /* WTRBasePresenter.h */,
				37223AF11BC8C2C70090AF3C /* WTRBasePresenter.m */,
			);
			name = Basic;
			sourceTree = "<group>";
		};
		37223AF31BC8C4FE0090AF3C /* Basic */ = {
			isa = PBXGroup;
			children = (
				37223AF41BC8CA050090AF3C /* WTRBaseViewController.h */,
				37223AF51BC8CA050090AF3C /* WTRBaseViewController.m */,
			);
			name = Basic;
			sourceTree = "<group>";
		};
		374ADFDE1BC7C5B00055AEB5 /* DeckList */ = {
			isa = PBXGroup;
			children = (
				374ADFDB1BC7A5E20055AEB5 /* WTRDeckViewController.h */,
				374ADFDC1BC7A5E20055AEB5 /* WTRDeckViewController.m */,
				379101A41BD4DCA600AC8E1C /* DeckListCell */,
			);
			name = DeckList;
			sourceTree = "<group>";
		};
		375BD2FE1BCCC26000A3EF90 /* Generic */ = {
			isa = PBXGroup;
			children = (
				375BD2FF1BCCC28E00A3EF90 /* WTRInitializationPresenter.h */,
				375BD3001BCCC28E00A3EF90 /* WTRInitializationPresenter.m */,
				37F6527F1BCFABFF00109CDF /* WTRNavigationPresenter.h */,
				37F652801BCFABFF00109CDF /* WTRNavigationPresenter.m */,
				3706DE801BD62E23007C0072 /* TimeLine */,
				3706DE7F1BD62E1A007C0072 /* DeckList */,
			);
			name = Generic;
			sourceTree = "<group>";
		};
		375BD3061BCCC3B700A3EF90 /* Interactors */ = {
			isa = PBXGroup;
			children = (
				375BD3071BCCC3D300A3EF90 /* WTRDataSyncInteractor.h */,
				375BD3081BCCC3D300A3EF90 /* WTRDataSyncInteractor.m */,
				37A0BFC21BDF342300BBCF4D /* Twitter */,
				37E68AD71BDB819800683D04 /* Weibo */,
			);
			name = Interactors;
			sourceTree = "<group>";
		};
		375BD30A1BCCDCBF00A3EF90 /* Utilities */ = {
			isa = PBXGroup;
			children = (
				37C935EC1B48DBB700160224 /* NSString+WTRUtility.h */,
				37C935EB1B48DBB700160224 /* NSString+WTRUtility.m */,
				37C935ED1B48DBB700160224 /* NSDictionary+WTRUtility.h */,
				37C935EE1B48DBB700160224 /* NSDictionary+WTRUtility.m */,
				37F6527C1BCF794E00109CDF /* NSUserDefaults+CFUtility.m */,
				37F6527D1BCF794E00109CDF /* NSUserDefaults+CFUtility.h */,
			);
			name = Utilities;
			sourceTree = "<group>";
		};
		37657CDB1B45631E00E37CF8 /* Rounting */ = {
			isa = PBXGroup;
			children = (
				37657CE31B4565CE00E37CF8 /* WTRWireframe.h */,
				37657CE41B4565CE00E37CF8 /* WTRWireframe.m */,
				37223AE81BC8B9D20090AF3C /* WTRPageMessenger.h */,
				37223AE91BC8B9D20090AF3C /* WTRPageMessenger.m */,
				37657CE51B4565CE00E37CF8 /* WTRAssemblingFactory.h */,
				37657CE61B4565CE00E37CF8 /* WTRAssemblingFactory.m */,
				37657CE01B45656E00E37CF8 /* UIStoryboard+WeiTwi.h */,
				37BCAEDF1BC6756700CB2D14 /* UIStoryboard+WeiTwi.m */,
				37AA3FE71BCB7F1A00F1133D /* NSBundle+WeiTwi.h */,
				37AA3FE81BCB7F1A00F1133D /* NSBundle+WeiTwi.m */,
				37AA3FEA1BCB7F9900F1133D /* UINib+WeiTwi.h */,
				37AA3FEB1BCB7F9900F1133D /* UINib+WeiTwi.m */,
			);
			name = Rounting;
			sourceTree = "<group>";
		};
		37657CDC1B45650C00E37CF8 /* Views */ = {
			isa = PBXGroup;
			children = (
				3706DE741BD61B04007C0072 /* Widgets */,
				37A7ACB11BCCB20100243B25 /* Generic */,
				374ADFDE1BC7C5B00055AEB5 /* DeckList */,
				3706DE841BD63113007C0072 /* Timeline */,
				3706DE831BD63109007C0072 /* Setting */,
				3706DE811BD630EF007C0072 /* Mesage */,
				3706DE821BD630FC007C0072 /* Explore */,
				37657CEE1B45660500E37CF8 /* WTRMyView.m */,
				37657CEF1B45660500E37CF8 /* WTRMyView.h */,
			);
			name = Views;
			sourceTree = "<group>";
		};
		37657CDE1B45652800E37CF8 /* ViewInterfaces */ = {
			isa = PBXGroup;
			children = (
				375BD2FB1BCCC11C00A3EF90 /* WTRProgressViewInterface.h */,
				379101AD1BD4DE2100AC8E1C /* WTRUserGroupListDisplayInterface.h */,
				373888811BDF7E4A000BE28F /* WTRWeiboTimelineDisplayInterface.h */,
				373888841BDF7E65000BE28F /* WTRTwitterTimelineDisplayInterface.h */,
			);
			name = ViewInterfaces;
			sourceTree = "<group>";
		};
		37657CDF1B45654000E37CF8 /* Presenters */ = {
			isa = PBXGroup;
			children = (
				37223AEF1BC8C2A80090AF3C /* Basic */,
				375BD2FE1BCCC26000A3EF90 /* Generic */,
			);
			name = Presenters;
			sourceTree = "<group>";
		};
		377CE1011B45417300C28A90 = {
			isa = PBXGroup;
			children = (
				377CE10C1B45417300C28A90 /* WeiTwi */,
				377CE1261B45417300C28A90 /* WeiTwiTests */,
				377CE10B1B45417300C28A90 /* Products */,
				566220A22C74ECD2A1F3ABBA /* Pods */,
				62B866BDB508E8CD2967D22F /* Frameworks */,
			);
			sourceTree = "<group>";
		};
		377CE10B1B45417300C28A90 /* Products */ = {
			isa = PBXGroup;
			children = (
				377CE10A1B45417300C28A90 /* WeiTwi.app */,
				377CE1231B45417300C28A90 /* WeiTwiTests.xctest */,
			);
			name = Products;
			sourceTree = "<group>";
		};
		377CE10C1B45417300C28A90 /* WeiTwi */ = {
			isa = PBXGroup;
			children = (
				377CE1111B45417300C28A90 /* AppDelegate.h */,
				377CE1121B45417300C28A90 /* AppDelegate.m */,
				37223AEB1BC8BC350090AF3C /* Settings */,
				37657CDB1B45631E00E37CF8 /* Rounting */,
				37657CDC1B45650C00E37CF8 /* Views */,
				37657CDE1B45652800E37CF8 /* ViewInterfaces */,
				37657CDF1B45654000E37CF8 /* Presenters */,
				375BD3061BCCC3B700A3EF90 /* Interactors */,
				37EF55C51BE21C6100D6B77F /* Models */,
				37C935F11B48DFE400160224 /* DTOs */,
				37C935DA1B48D4DF00160224 /* ApiService */,
				37C935EA1B48DBA900160224 /* Tools */,
				37F5146C1BD8B4D800D151AF /* MMDrawerController */,
				37A7ACB71BCCB3ED00243B25 /* Resources */,
				375BD2F91BCCB99000A3EF90 /* Images.xcassets */,
				377CE10D1B45417300C28A90 /* Supporting Files */,
			);
			path = WeiTwi;
			sourceTree = "<group>";
		};
		377CE10D1B45417300C28A90 /* Supporting Files */ = {
			isa = PBXGroup;
			children = (
				377CE10E1B45417300C28A90 /* Info.plist */,
				377CE10F1B45417300C28A90 /* main.m */,
			);
			name = "Supporting Files";
			sourceTree = "<group>";
		};
		377CE1261B45417300C28A90 /* WeiTwiTests */ = {
			isa = PBXGroup;
			children = (
				377CE1291B45417300C28A90 /* WeiTwiTests.m */,
				377CE1271B45417300C28A90 /* Supporting Files */,
			);
			path = WeiTwiTests;
			sourceTree = "<group>";
		};
		377CE1271B45417300C28A90 /* Supporting Files */ = {
			isa = PBXGroup;
			children = (
				377CE1281B45417300C28A90 /* Info.plist */,
			);
			name = "Supporting Files";
			sourceTree = "<group>";
		};
		378478AA1BD68AB7009A2F6B /* Transition */ = {
			isa = PBXGroup;
			children = (
				37CBF5E71BD0B20800E01554 /* WTRModalViewTransition.h */,
				37CBF5E81BD0B20800E01554 /* WTRModalViewTransition.m */,
				37CBF5EA1BD0B21800E01554 /* WTRTransitionDelegate.h */,
				37CBF5EB1BD0B21800E01554 /* WTRTransitionDelegate.m */,
				378478A71BD68A96009A2F6B /* WTRSwipeHorizontalInteractiveTransition.h */,
				378478A81BD68A96009A2F6B /* WTRSwipeHorizontalInteractiveTransition.m */,
			);
			name = Transition;
			sourceTree = "<group>";
		};
		379101A41BD4DCA600AC8E1C /* DeckListCell */ = {
			isa = PBXGroup;
			children = (
				379101A81BD4DCFC00AC8E1C /* WTRDecListTableViewCell.h */,
				379101A91BD4DCFC00AC8E1C /* WTRDecListTableViewCell.m */,
				379101AA1BD4DCFC00AC8E1C /* WTRDecListTableViewCell.xib */,
			);
			name = DeckListCell;
			sourceTree = "<group>";
		};
		37A0BFC21BDF342300BBCF4D /* Twitter */ = {
			isa = PBXGroup;
			children = (
				37A0BFC31BDF345900BBCF4D /* WTRTwitterManagerInteractor.h */,
				37A0BFC41BDF345900BBCF4D /* WTRTwitterManagerInteractor.m */,
			);
			name = Twitter;
			sourceTree = "<group>";
		};
		37A7ACB11BCCB20100243B25 /* Generic */ = {
			isa = PBXGroup;
			children = (
				37A7ACB21BCCB21E00243B25 /* WTRSplashScreenViewController.h */,
				37A7ACB31BCCB21E00243B25 /* WTRSplashScreenViewController.m */,
			);
			name = Generic;
			sourceTree = "<group>";
		};
		37A7ACB71BCCB3ED00243B25 /* Resources */ = {
			isa = PBXGroup;
			children = (
				377CE1171B45417300C28A90 /* Main.storyboard */,
				37A7ACB81BCCB5CB00243B25 /* Generic.storyboard */,
				37193BB01BD3E0C900D2733B /* Localizable.strings */,
			);
			name = Resources;
			sourceTree = "<group>";
		};
		37B5AFB01BE48DC300E6F97A /* Data Managers */ = {
			isa = PBXGroup;
			children = (
			);
			name = "Data Managers";
			sourceTree = "<group>";
		};
		37B5AFB41BE4E86600E6F97A /* Utility */ = {
			isa = PBXGroup;
			children = (
				37B5AFB51BE4E8B500E6F97A /* WTRWeiboUser+Utility.h */,
				37B5AFB61BE4E8B500E6F97A /* WTRWeiboUser+Utility.m */,
				37B5AFB81BE4E9C400E6F97A /* WTRAuthorizedUser+Utility.h */,
				37B5AFB91BE4E9C400E6F97A /* WTRAuthorizedUser+Utility.m */,
				37B5AFBB1BE502CA00E6F97A /* WTRWeiboStatus+Utility.h */,
				37B5AFBC1BE502CA00E6F97A /* WTRWeiboStatus+Utility.m */,
			);
			name = Utility;
			sourceTree = "<group>";
		};
		37C935DA1B48D4DF00160224 /* ApiService */ = {
			isa = PBXGroup;
			children = (
				37C935FE1B491DAE00160224 /* Response Parser */,
				37C935DB1B48D4F700160224 /* WTRApiRequest.h */,
				37C935DC1B48D4F700160224 /* WTRApiRequest.m */,
				37C935DF1B48D4F700160224 /* WTRApiResponse.h */,
				37C935E01B48D4F700160224 /* WTRApiResponse.m */,
				37C935E11B48D4F700160224 /* WTRApiService.h */,
				37C935E21B48D4F700160224 /* WTRApiService.m */,
				37C935DD1B48D4F700160224 /* WTRApiRequest+BuildFactory.h */,
				37C935DE1B48D4F700160224 /* WTRApiRequest+BuildFactory.m */,
			);
			name = ApiService;
			sourceTree = "<group>";
		};
		37C935EA1B48DBA900160224 /* Tools */ = {
			isa = PBXGroup;
			children = (
				375BD30A1BCCDCBF00A3EF90 /* Utilities */,
			);
			name = Tools;
			sourceTree = "<group>";
		};
		37C935F11B48DFE400160224 /* DTOs */ = {
			isa = PBXGroup;
			children = (
				37F6D0CA1BE32CA800E1E611 /* WTRAuthorizedUserInfo.h */,
				37F6D0CB1BE32CA800E1E611 /* WTRAuthorizedUserInfo.m */,
				37C935F21B48E00300160224 /* WTRWeiboUserInfo.h */,
				37C935F31B48E00300160224 /* WTRWeiboUserInfo.m */,
				37C935F81B4918A700160224 /* WTRWeiboStatusInfo.h */,
				37C935F91B4918A700160224 /* WTRWeiboStatusInfo.m */,
				37B5AFAD1BE475E000E6F97A /* WTRWeiboGeoInfo.h */,
				37B5AFAE1BE475E000E6F97A /* WTRWeiboGeoInfo.m */,
				37B5AFB01BE48DC300E6F97A /* Data Managers */,
			);
			name = DTOs;
			sourceTree = "<group>";
		};
		37C935FE1B491DAE00160224 /* Response Parser */ = {
			isa = PBXGroup;
			children = (
				37C935E31B48D4F700160224 /* WTRUserInfo+ResponseParser.h */,
				37C935E41B48D4F700160224 /* WTRUserInfo+ResponseParser.m */,
				37C935FB1B491D7500160224 /* WTRWeiboStatuses+ResponseParser.h */,
				37C935FC1B491D7500160224 /* WTRWeiboStatuses+ResponseParser.m */,
			);
			name = "Response Parser";
			sourceTree = "<group>";
		};
		37E68AD71BDB819800683D04 /* Weibo */ = {
			isa = PBXGroup;
			children = (
				37CE41E11BE0A5260040F880 /* WTRWeiboSDKDelegate.h */,
				37CE41E21BE0A5260040F880 /* WTRWeiboSDKDelegate.m */,
				37CE41E51BE0A5570040F880 /* WTRWeiboManagerInteractor.h */,
				37CE41E41BE0A5570040F880 /* WTRWeiboManagerInteractor.m */,
			);
			name = Weibo;
			sourceTree = "<group>";
		};
		37EF55C51BE21C6100D6B77F /* Models */ = {
			isa = PBXGroup;
			children = (
				37F6D0CD1BE33C6E00E1E611 /* WeiTwi.xcdatamodeld */,
				37F6D0D11BE33FEC00E1E611 /* WTRAuthorizedUser.h */,
				37F6D0D21BE33FEC00E1E611 /* WTRAuthorizedUser.m */,
				37F6D0D41BE3412300E1E611 /* WTRWeiboUser.h */,
				37F6D0D51BE3412300E1E611 /* WTRWeiboUser.m */,
				37F6D0D71BE35C5800E1E611 /* WTRWeiboStatus.h */,
				37F6D0D81BE35C5800E1E611 /* WTRWeiboStatus.m */,
				37F6D0DD1BE3643800E1E611 /* WTRWeiboComment.h */,
				37F6D0DE1BE3643800E1E611 /* WTRWeiboComment.m */,
				37F6D0E01BE365CF00E1E611 /* WTRWeiboPrivacy.h */,
				37F6D0E11BE365CF00E1E611 /* WTRWeiboPrivacy.m */,
				37F6D0E31BE365ED00E1E611 /* WTRWeiboRemind.h */,
				37F6D0E41BE365ED00E1E611 /* WTRWeiboRemind.m */,
				37F6D0E61BE3660400E1E611 /* WTRWeiboUrlShort.h */,
				37F6D0E71BE3660400E1E611 /* WTRWeiboUrlShort.m */,
				37F6D0DA1BE361F700E1E611 /* WTRWeiboGeo.h */,
				37F6D0DB1BE361F700E1E611 /* WTRWeiboGeo.m */,
				37F6D0D01BE33FC000E1E611 /* Managed Objects */,
				37B5AFB41BE4E86600E6F97A /* Utility */,
			);
			name = Models;
			sourceTree = "<group>";
		};
		37F5146C1BD8B4D800D151AF /* MMDrawerController */ = {
			isa = PBXGroup;
			children = (
				37F5146D1BD8B4E700D151AF /* MMDrawerBarButtonItem.h */,
				37F5146E1BD8B4E700D151AF /* MMDrawerBarButtonItem.m */,
				37F5146F1BD8B4E700D151AF /* MMDrawerController.h */,
				37F514701BD8B4E700D151AF /* MMDrawerController.m */,
				37F514711BD8B4E700D151AF /* MMDrawerController+Subclass.h */,
				37F514721BD8B4E700D151AF /* MMDrawerVisualState.h */,
				37F514731BD8B4E700D151AF /* MMDrawerVisualState.m */,
				37F514741BD8B4E700D151AF /* UIViewController+MMDrawerController.h */,
				37F514751BD8B4E700D151AF /* UIViewController+MMDrawerController.m */,
			);
			name = MMDrawerController;
			sourceTree = "<group>";
		};
		37F6D0D01BE33FC000E1E611 /* Managed Objects */ = {
			isa = PBXGroup;
			children = (
				37B5AFB11BE4BD9A00E6F97A /* WTRAuthorizedUser+DataManager.h */,
				37B5AFB21BE4BD9A00E6F97A /* WTRAuthorizedUser+DataManager.m */,
			);
			name = "Managed Objects";
			sourceTree = "<group>";
		};
		566220A22C74ECD2A1F3ABBA /* Pods */ = {
			isa = PBXGroup;
			children = (
				BA95D44F6D8DE1590A94AC21 /* Pods-WeiTwi.debug.xcconfig */,
				9F61800DCCF3AF36E86E5B0D /* Pods-WeiTwi.release.xcconfig */,
			);
			name = Pods;
			sourceTree = "<group>";
		};
		62B866BDB508E8CD2967D22F /* Frameworks */ = {
			isa = PBXGroup;
			children = (
				37AE551C1B7DDAA500681904 /* QuartzCore.framework */,
				55D331FFA3FE042AD41B3CEA /* libPods-WeiTwi.a */,
			);
			name = Frameworks;
			sourceTree = "<group>";
		};
/* End PBXGroup section */

/* Begin PBXNativeTarget section */
		377CE1091B45417300C28A90 /* WeiTwi */ = {
			isa = PBXNativeTarget;
			buildConfigurationList = 377CE12D1B45417300C28A90 /* Build configuration list for PBXNativeTarget "WeiTwi" */;
			buildPhases = (
				6C29D0C8815D143DAFF3B011 /* Check Pods Manifest.lock */,
				377CE1061B45417300C28A90 /* Sources */,
				377CE1071B45417300C28A90 /* Frameworks */,
				377CE1081B45417300C28A90 /* Resources */,
				7BDDBD62F853FA7B60F17FC7 /* Copy Pods Resources */,
			);
			buildRules = (
			);
			dependencies = (
			);
			name = WeiTwi;
			productName = WeiTwi;
			productReference = 377CE10A1B45417300C28A90 /* WeiTwi.app */;
			productType = "com.apple.product-type.application";
		};
		377CE1221B45417300C28A90 /* WeiTwiTests */ = {
			isa = PBXNativeTarget;
			buildConfigurationList = 377CE1301B45417300C28A90 /* Build configuration list for PBXNativeTarget "WeiTwiTests" */;
			buildPhases = (
				377CE11F1B45417300C28A90 /* Sources */,
				377CE1201B45417300C28A90 /* Frameworks */,
				377CE1211B45417300C28A90 /* Resources */,
			);
			buildRules = (
			);
			dependencies = (
				377CE1251B45417300C28A90 /* PBXTargetDependency */,
			);
			name = WeiTwiTests;
			productName = WeiTwiTests;
			productReference = 377CE1231B45417300C28A90 /* WeiTwiTests.xctest */;
			productType = "com.apple.product-type.bundle.unit-test";
		};
/* End PBXNativeTarget section */

/* Begin PBXProject section */
		377CE1021B45417300C28A90 /* Project object */ = {
			isa = PBXProject;
			attributes = {
				LastUpgradeCheck = 0630;
				ORGANIZATIONNAME = XYZ;
				TargetAttributes = {
					377CE1091B45417300C28A90 = {
						CreatedOnToolsVersion = 6.3.1;
						DevelopmentTeam = XDVKN4EYY7;
					};
					377CE1221B45417300C28A90 = {
						CreatedOnToolsVersion = 6.3.1;
						TestTargetID = 377CE1091B45417300C28A90;
					};
				};
			};
			buildConfigurationList = 377CE1051B45417300C28A90 /* Build configuration list for PBXProject "WeiTwi" */;
			compatibilityVersion = "Xcode 3.2";
			developmentRegion = English;
			hasScannedForEncodings = 0;
			knownRegions = (
				en,
				Base,
				"zh-Hans",
			);
			mainGroup = 377CE1011B45417300C28A90;
			productRefGroup = 377CE10B1B45417300C28A90 /* Products */;
			projectDirPath = "";
			projectRoot = "";
			targets = (
				377CE1091B45417300C28A90 /* WeiTwi */,
				377CE1221B45417300C28A90 /* WeiTwiTests */,
			);
		};
/* End PBXProject section */

/* Begin PBXResourcesBuildPhase section */
		377CE1081B45417300C28A90 /* Resources */ = {
			isa = PBXResourcesBuildPhase;
			buildActionMask = 2147483647;
			files = (
				37A7ACBA1BCCB5CB00243B25 /* Generic.storyboard in Resources */,
				377CE1191B45417300C28A90 /* Main.storyboard in Resources */,
				37193BB21BD3E0C900D2733B /* Localizable.strings in Resources */,
				379101AC1BD4DCFC00AC8E1C /* WTRDecListTableViewCell.xib in Resources */,
				375BD2FA1BCCB99000A3EF90 /* Images.xcassets in Resources */,
				37FBE0EB1B46310D00813B36 /* WTRTimelineCell.xib in Resources */,
			);
			runOnlyForDeploymentPostprocessing = 0;
		};
		377CE1211B45417300C28A90 /* Resources */ = {
			isa = PBXResourcesBuildPhase;
			buildActionMask = 2147483647;
			files = (
			);
			runOnlyForDeploymentPostprocessing = 0;
		};
/* End PBXResourcesBuildPhase section */

/* Begin PBXShellScriptBuildPhase section */
		6C29D0C8815D143DAFF3B011 /* Check Pods Manifest.lock */ = {
			isa = PBXShellScriptBuildPhase;
			buildActionMask = 2147483647;
			files = (
			);
			inputPaths = (
			);
			name = "Check Pods Manifest.lock";
			outputPaths = (
			);
			runOnlyForDeploymentPostprocessing = 0;
			shellPath = /bin/sh;
			shellScript = "diff \"${PODS_ROOT}/../Podfile.lock\" \"${PODS_ROOT}/Manifest.lock\" > /dev/null\nif [[ $? != 0 ]] ; then\n    cat << EOM\nerror: The sandbox is not in sync with the Podfile.lock. Run 'pod install' or update your CocoaPods installation.\nEOM\n    exit 1\nfi\n";
			showEnvVarsInLog = 0;
		};
		7BDDBD62F853FA7B60F17FC7 /* Copy Pods Resources */ = {
			isa = PBXShellScriptBuildPhase;
			buildActionMask = 2147483647;
			files = (
			);
			inputPaths = (
			);
			name = "Copy Pods Resources";
			outputPaths = (
			);
			runOnlyForDeploymentPostprocessing = 0;
			shellPath = /bin/sh;
			shellScript = "\"${SRCROOT}/Pods/Target Support Files/Pods-WeiTwi/Pods-WeiTwi-resources.sh\"\n";
			showEnvVarsInLog = 0;
		};
/* End PBXShellScriptBuildPhase section */

/* Begin PBXSourcesBuildPhase section */
		377CE1061B45417300C28A90 /* Sources */ = {
			isa = PBXSourcesBuildPhase;
			buildActionMask = 2147483647;
			files = (
				379101AB1BD4DCFC00AC8E1C /* WTRDecListTableViewCell.m in Sources */,
				37F652811BCFABFF00109CDF /* WTRNavigationPresenter.m in Sources */,
				37B5AFAF1BE475E000E6F97A /* WTRWeiboGeoInfo.m in Sources */,
				37F6D0D91BE35C5800E1E611 /* WTRWeiboStatus.m in Sources */,
				37657CF31B45660500E37CF8 /* WTRTimelineCell.m in Sources */,
				37C935FA1B4918A700160224 /* WTRWeiboStatusInfo.m in Sources */,
				37C935FD1B491D7500160224 /* WTRWeiboStatuses+ResponseParser.m in Sources */,
				37B5AFB31BE4BD9A00E6F97A /* WTRAuthorizedUser+DataManager.m in Sources */,
				37223AEE1BC8BEE80090AF3C /* WTRConfig.m in Sources */,
				37B5AFBD1BE502CA00E6F97A /* WTRWeiboStatus+Utility.m in Sources */,
				37C935F01B48DBB700160224 /* NSDictionary+WTRUtility.m in Sources */,
				379101A31BD4B0DE00AC8E1C /* WTRDeckPresenter.m in Sources */,
				37F514761BD8B4E700D151AF /* MMDrawerBarButtonItem.m in Sources */,
				37CBF5EC1BD0B21800E01554 /* WTRTransitionDelegate.m in Sources */,
				37C935E51B48D4F700160224 /* WTRApiRequest.m in Sources */,
				37B5AFB71BE4E8B500E6F97A /* WTRWeiboUser+Utility.m in Sources */,
				37F6D0CF1BE33C6E00E1E611 /* WeiTwi.xcdatamodeld in Sources */,
				37F514771BD8B4E700D151AF /* MMDrawerController.m in Sources */,
				37F6D0DC1BE361F700E1E611 /* WTRWeiboGeo.m in Sources */,
				374ADFDD1BC7A5E20055AEB5 /* WTRDeckViewController.m in Sources */,
				37A0BFC51BDF345900BBCF4D /* WTRTwitterManagerInteractor.m in Sources */,
				377CE1131B45417300C28A90 /* AppDelegate.m in Sources */,
				37223AF21BC8C2C70090AF3C /* WTRBasePresenter.m in Sources */,
				37C935EF1B48DBB700160224 /* NSString+WTRUtility.m in Sources */,
				37B5AFBA1BE4E9C400E6F97A /* WTRAuthorizedUser+Utility.m in Sources */,
				37C935E61B48D4F700160224 /* WTRApiRequest+BuildFactory.m in Sources */,
				37CBF5F51BD0FC4100E01554 /* WTRSettingViewController.m in Sources */,
				375BD3091BCCC3D300A3EF90 /* WTRDataSyncInteractor.m in Sources */,
				37CBF5E91BD0B20800E01554 /* WTRModalViewTransition.m in Sources */,
				37657CE81B4565CE00E37CF8 /* WTRAssemblingFactory.m in Sources */,
				37F514791BD8B4E700D151AF /* UIViewController+MMDrawerController.m in Sources */,
				37CBF5EF1BD0FC0300E01554 /* WTRMessageViewController.m in Sources */,
				37AA3FEC1BCB7F9900F1133D /* UINib+WeiTwi.m in Sources */,
				37A0BFC81BDF350600BBCF4D /* WTRTwitterTimelinePresenter.m in Sources */,
				37657CE71B4565CE00E37CF8 /* WTRWireframe.m in Sources */,
				37F6527E1BCF794E00109CDF /* NSUserDefaults+CFUtility.m in Sources */,
				3706DE7B1BD61B40007C0072 /* SlideMotion.m in Sources */,
				37657CF11B45660500E37CF8 /* WTRTimeLineViewController.m in Sources */,
				37F6D0D31BE33FEC00E1E611 /* WTRAuthorizedUser.m in Sources */,
				37C935E71B48D4F700160224 /* WTRApiResponse.m in Sources */,
				37F514781BD8B4E700D151AF /* MMDrawerVisualState.m in Sources */,
				37BCAEE01BC6756700CB2D14 /* UIStoryboard+WeiTwi.m in Sources */,
				37C935F41B48E00300160224 /* WTRWeiboUserInfo.m in Sources */,
				37A7ACB41BCCB21E00243B25 /* WTRSplashScreenViewController.m in Sources */,
				37C935E91B48D4F700160224 /* WTRUserInfo+ResponseParser.m in Sources */,
				37CE41E61BE0A5570040F880 /* WTRWeiboManagerInteractor.m in Sources */,
				375BD3011BCCC28E00A3EF90 /* WTRInitializationPresenter.m in Sources */,
				3706DE7A1BD61B40007C0072 /* SlideMotion+Calculation.m in Sources */,
				37F6D0E51BE365ED00E1E611 /* WTRWeiboRemind.m in Sources */,
				378478A91BD68A96009A2F6B /* WTRSwipeHorizontalInteractiveTransition.m in Sources */,
				37F6D0E21BE365CF00E1E611 /* WTRWeiboPrivacy.m in Sources */,
				37F6D0D61BE3412300E1E611 /* WTRWeiboUser.m in Sources */,
				37223AEA1BC8B9D20090AF3C /* WTRPageMessenger.m in Sources */,
				37223AF61BC8CA050090AF3C /* WTRBaseViewController.m in Sources */,
				37AA3FE91BCB7F1A00F1133D /* NSBundle+WeiTwi.m in Sources */,
				37F6D0E81BE3660400E1E611 /* WTRWeiboUrlShort.m in Sources */,
				37F6D0DF1BE3643800E1E611 /* WTRWeiboComment.m in Sources */,
				37CBF5F21BD0FC1900E01554 /* WTRExploreViewController.m in Sources */,
				3706DE7E1BD62E16007C0072 /* WTRWeiboTimeLinePresenter.m in Sources */,
				37F6D0CC1BE32CA800E1E611 /* WTRAuthorizedUserInfo.m in Sources */,
				37C935E81B48D4F700160224 /* WTRApiService.m in Sources */,
				37657CF41B45660500E37CF8 /* WTRMyView.m in Sources */,
				37CE41E31BE0A5260040F880 /* WTRWeiboSDKDelegate.m in Sources */,
				377CE1101B45417300C28A90 /* main.m in Sources */,
			);
			runOnlyForDeploymentPostprocessing = 0;
		};
		377CE11F1B45417300C28A90 /* Sources */ = {
			isa = PBXSourcesBuildPhase;
			buildActionMask = 2147483647;
			files = (
				377CE12A1B45417300C28A90 /* WeiTwiTests.m in Sources */,
			);
			runOnlyForDeploymentPostprocessing = 0;
		};
/* End PBXSourcesBuildPhase section */

/* Begin PBXTargetDependency section */
		377CE1251B45417300C28A90 /* PBXTargetDependency */ = {
			isa = PBXTargetDependency;
			target = 377CE1091B45417300C28A90 /* WeiTwi */;
			targetProxy = 377CE1241B45417300C28A90 /* PBXContainerItemProxy */;
		};
/* End PBXTargetDependency section */

/* Begin PBXVariantGroup section */
		37193BB01BD3E0C900D2733B /* Localizable.strings */ = {
			isa = PBXVariantGroup;
			children = (
				3722F43F1BD47C5400D2A69C /* zh-Hans */,
				3722F4401BD47C5D00D2A69C /* en */,
			);
			name = Localizable.strings;
			sourceTree = "<group>";
		};
		377CE1171B45417300C28A90 /* Main.storyboard */ = {
			isa = PBXVariantGroup;
			children = (
				377CE1181B45417300C28A90 /* Base */,
				37193BAE1BD3DFB600D2733B /* zh-Hans */,
			);
			name = Main.storyboard;
			sourceTree = "<group>";
		};
		37A7ACB81BCCB5CB00243B25 /* Generic.storyboard */ = {
			isa = PBXVariantGroup;
			children = (
				37A7ACB91BCCB5CB00243B25 /* Base */,
				37193BAF1BD3DFB600D2733B /* zh-Hans */,
			);
			name = Generic.storyboard;
			sourceTree = "<group>";
		};
/* End PBXVariantGroup section */

/* Begin XCBuildConfiguration section */
		377CE12B1B45417300C28A90 /* Debug */ = {
			isa = XCBuildConfiguration;
			buildSettings = {
				ALWAYS_SEARCH_USER_PATHS = NO;
				CLANG_CXX_LANGUAGE_STANDARD = "gnu++0x";
				CLANG_CXX_LIBRARY = "libc++";
				CLANG_ENABLE_MODULES = YES;
				CLANG_ENABLE_OBJC_ARC = YES;
				CLANG_WARN_BOOL_CONVERSION = YES;
				CLANG_WARN_CONSTANT_CONVERSION = YES;
				CLANG_WARN_DIRECT_OBJC_ISA_USAGE = YES_ERROR;
				CLANG_WARN_EMPTY_BODY = YES;
				CLANG_WARN_ENUM_CONVERSION = YES;
				CLANG_WARN_INT_CONVERSION = YES;
				CLANG_WARN_OBJC_ROOT_CLASS = YES_ERROR;
				CLANG_WARN_UNREACHABLE_CODE = YES;
				CLANG_WARN__DUPLICATE_METHOD_MATCH = YES;
				"CODE_SIGN_IDENTITY[sdk=iphoneos*]" = "iPhone Developer";
				COPY_PHASE_STRIP = NO;
				DEBUG_INFORMATION_FORMAT = "dwarf-with-dsym";
				ENABLE_STRICT_OBJC_MSGSEND = YES;
				GCC_C_LANGUAGE_STANDARD = gnu99;
				GCC_DYNAMIC_NO_PIC = NO;
				GCC_NO_COMMON_BLOCKS = YES;
				GCC_OPTIMIZATION_LEVEL = 0;
				GCC_PREPROCESSOR_DEFINITIONS = (
					"DEBUG=1",
					"$(inherited)",
				);
				GCC_SYMBOLS_PRIVATE_EXTERN = NO;
				GCC_WARN_64_TO_32_BIT_CONVERSION = YES;
				GCC_WARN_ABOUT_RETURN_TYPE = YES_ERROR;
				GCC_WARN_UNDECLARED_SELECTOR = YES;
				GCC_WARN_UNINITIALIZED_AUTOS = YES_AGGRESSIVE;
				GCC_WARN_UNUSED_FUNCTION = YES;
				GCC_WARN_UNUSED_VARIABLE = YES;
				IPHONEOS_DEPLOYMENT_TARGET = 7.1;
				MTL_ENABLE_DEBUG_INFO = YES;
				ONLY_ACTIVE_ARCH = YES;
				SDKROOT = iphoneos;
			};
			name = Debug;
		};
		377CE12C1B45417300C28A90 /* Release */ = {
			isa = XCBuildConfiguration;
			buildSettings = {
				ALWAYS_SEARCH_USER_PATHS = NO;
				CLANG_CXX_LANGUAGE_STANDARD = "gnu++0x";
				CLANG_CXX_LIBRARY = "libc++";
				CLANG_ENABLE_MODULES = YES;
				CLANG_ENABLE_OBJC_ARC = YES;
				CLANG_WARN_BOOL_CONVERSION = YES;
				CLANG_WARN_CONSTANT_CONVERSION = YES;
				CLANG_WARN_DIRECT_OBJC_ISA_USAGE = YES_ERROR;
				CLANG_WARN_EMPTY_BODY = YES;
				CLANG_WARN_ENUM_CONVERSION = YES;
				CLANG_WARN_INT_CONVERSION = YES;
				CLANG_WARN_OBJC_ROOT_CLASS = YES_ERROR;
				CLANG_WARN_UNREACHABLE_CODE = YES;
				CLANG_WARN__DUPLICATE_METHOD_MATCH = YES;
				"CODE_SIGN_IDENTITY[sdk=iphoneos*]" = "iPhone Developer";
				COPY_PHASE_STRIP = NO;
				DEBUG_INFORMATION_FORMAT = "dwarf-with-dsym";
				ENABLE_NS_ASSERTIONS = NO;
				ENABLE_STRICT_OBJC_MSGSEND = YES;
				GCC_C_LANGUAGE_STANDARD = gnu99;
				GCC_NO_COMMON_BLOCKS = YES;
				GCC_WARN_64_TO_32_BIT_CONVERSION = YES;
				GCC_WARN_ABOUT_RETURN_TYPE = YES_ERROR;
				GCC_WARN_UNDECLARED_SELECTOR = YES;
				GCC_WARN_UNINITIALIZED_AUTOS = YES_AGGRESSIVE;
				GCC_WARN_UNUSED_FUNCTION = YES;
				GCC_WARN_UNUSED_VARIABLE = YES;
				IPHONEOS_DEPLOYMENT_TARGET = 7.1;
				MTL_ENABLE_DEBUG_INFO = NO;
				SDKROOT = iphoneos;
				VALIDATE_PRODUCT = YES;
			};
			name = Release;
		};
		377CE12E1B45417300C28A90 /* Debug */ = {
			isa = XCBuildConfiguration;
			baseConfigurationReference = BA95D44F6D8DE1590A94AC21 /* Pods-WeiTwi.debug.xcconfig */;
			buildSettings = {
				ASSETCATALOG_COMPILER_APPICON_NAME = AppIcon;
				CODE_SIGN_IDENTITY = "iPhone Developer";
				INFOPLIST_FILE = WeiTwi/Info.plist;
				IPHONEOS_DEPLOYMENT_TARGET = 8.0;
				LD_RUNPATH_SEARCH_PATHS = "$(inherited) @executable_path/Frameworks";
				PRODUCT_BUNDLE_IDENTIFIER = coolzc.weitwi;
				PRODUCT_NAME = "$(TARGET_NAME)";
			};
			name = Debug;
		};
		377CE12F1B45417300C28A90 /* Release */ = {
			isa = XCBuildConfiguration;
			baseConfigurationReference = 9F61800DCCF3AF36E86E5B0D /* Pods-WeiTwi.release.xcconfig */;
			buildSettings = {
				ASSETCATALOG_COMPILER_APPICON_NAME = AppIcon;
				CODE_SIGN_IDENTITY = "iPhone Developer";
				INFOPLIST_FILE = WeiTwi/Info.plist;
				IPHONEOS_DEPLOYMENT_TARGET = 8.0;
				LD_RUNPATH_SEARCH_PATHS = "$(inherited) @executable_path/Frameworks";
				PRODUCT_BUNDLE_IDENTIFIER = coolzc.weitwi;
				PRODUCT_NAME = "$(TARGET_NAME)";
			};
			name = Release;
		};
		377CE1311B45417300C28A90 /* Debug */ = {
			isa = XCBuildConfiguration;
			buildSettings = {
				BUNDLE_LOADER = "$(TEST_HOST)";
				FRAMEWORK_SEARCH_PATHS = (
					"$(SDKROOT)/Developer/Library/Frameworks",
					"$(inherited)",
				);
				GCC_PREPROCESSOR_DEFINITIONS = (
					"DEBUG=1",
					"$(inherited)",
				);
				INFOPLIST_FILE = WeiTwiTests/Info.plist;
				LD_RUNPATH_SEARCH_PATHS = "$(inherited) @executable_path/Frameworks @loader_path/Frameworks";
				PRODUCT_NAME = "$(TARGET_NAME)";
				TEST_HOST = "$(BUILT_PRODUCTS_DIR)/WeiTwi.app/WeiTwi";
			};
			name = Debug;
		};
		377CE1321B45417300C28A90 /* Release */ = {
			isa = XCBuildConfiguration;
			buildSettings = {
				BUNDLE_LOADER = "$(TEST_HOST)";
				FRAMEWORK_SEARCH_PATHS = (
					"$(SDKROOT)/Developer/Library/Frameworks",
					"$(inherited)",
				);
				INFOPLIST_FILE = WeiTwiTests/Info.plist;
				LD_RUNPATH_SEARCH_PATHS = "$(inherited) @executable_path/Frameworks @loader_path/Frameworks";
				PRODUCT_NAME = "$(TARGET_NAME)";
				TEST_HOST = "$(BUILT_PRODUCTS_DIR)/WeiTwi.app/WeiTwi";
			};
			name = Release;
		};
/* End XCBuildConfiguration section */

/* Begin XCConfigurationList section */
		377CE1051B45417300C28A90 /* Build configuration list for PBXProject "WeiTwi" */ = {
			isa = XCConfigurationList;
			buildConfigurations = (
				377CE12B1B45417300C28A90 /* Debug */,
				377CE12C1B45417300C28A90 /* Release */,
			);
			defaultConfigurationIsVisible = 0;
			defaultConfigurationName = Release;
		};
		377CE12D1B45417300C28A90 /* Build configuration list for PBXNativeTarget "WeiTwi" */ = {
			isa = XCConfigurationList;
			buildConfigurations = (
				377CE12E1B45417300C28A90 /* Debug */,
				377CE12F1B45417300C28A90 /* Release */,
			);
			defaultConfigurationIsVisible = 0;
			defaultConfigurationName = Release;
		};
		377CE1301B45417300C28A90 /* Build configuration list for PBXNativeTarget "WeiTwiTests" */ = {
			isa = XCConfigurationList;
			buildConfigurations = (
				377CE1311B45417300C28A90 /* Debug */,
				377CE1321B45417300C28A90 /* Release */,
			);
			defaultConfigurationIsVisible = 0;
			defaultConfigurationName = Release;
		};
/* End XCConfigurationList section */

/* Begin XCVersionGroup section */
		37F6D0CD1BE33C6E00E1E611 /* WeiTwi.xcdatamodeld */ = {
			isa = XCVersionGroup;
			children = (
				37F6D0CE1BE33C6E00E1E611 /* WeiTwi.xcdatamodel */,
			);
			currentVersion = 37F6D0CE1BE33C6E00E1E611 /* WeiTwi.xcdatamodel */;
			name = WeiTwi.xcdatamodeld;
			path = Models/WeiTwi.xcdatamodeld;
			sourceTree = "<group>";
			versionGroupType = wrapper.xcdatamodel;
		};
/* End XCVersionGroup section */
	};
	rootObject = 377CE1021B45417300C28A90 /* Project object */;
}
